// !$*UTF8*$!
{
	archiveVersion = 1;
	classes = {
	};
	objectVersion = 46;
	objects = {

/* Begin PBXBuildFile section */
		00C302E51ABCBA2D00DB3ED1 /* libRCTActionSheet.a in Frameworks */ = {isa = PBXBuildFile; fileRef = 00C302AC1ABCB8CE00DB3ED1 /* libRCTActionSheet.a */; };
		00C302E71ABCBA2D00DB3ED1 /* libRCTGeolocation.a in Frameworks */ = {isa = PBXBuildFile; fileRef = 00C302BA1ABCB90400DB3ED1 /* libRCTGeolocation.a */; };
		00C302E81ABCBA2D00DB3ED1 /* libRCTImage.a in Frameworks */ = {isa = PBXBuildFile; fileRef = 00C302C01ABCB91800DB3ED1 /* libRCTImage.a */; };
		00C302E91ABCBA2D00DB3ED1 /* libRCTNetwork.a in Frameworks */ = {isa = PBXBuildFile; fileRef = 00C302DC1ABCB9D200DB3ED1 /* libRCTNetwork.a */; };
		00C302EA1ABCBA2D00DB3ED1 /* libRCTVibration.a in Frameworks */ = {isa = PBXBuildFile; fileRef = 00C302E41ABCB9EE00DB3ED1 /* libRCTVibration.a */; };
		00E356F31AD99517003FC87E /* WIPReactTests.m in Sources */ = {isa = PBXBuildFile; fileRef = 00E356F21AD99517003FC87E /* WIPReactTests.m */; };
		0278F92B5F64476BA898647B /* libRNGoogleSignin.a in Frameworks */ = {isa = PBXBuildFile; fileRef = 921AB04E06AB41E99FA5A6D9 /* libRNGoogleSignin.a */; };
		09976F96EECD44418A382711 /* Zocial.ttf in Resources */ = {isa = PBXBuildFile; fileRef = 41D33DF4367F43CD877E0988 /* Zocial.ttf */; };
		0AE5DB066C2646FC8F9624DB /* GothamThin.ttf in Resources */ = {isa = PBXBuildFile; fileRef = 8725936B289B4574A0C59701 /* GothamThin.ttf */; };
		0EB07512111B4FB48C1E8DB5 /* Roboto_medium.ttf in Resources */ = {isa = PBXBuildFile; fileRef = 257CD83327C9446D83F44FFD /* Roboto_medium.ttf */; };
		133E29F31AD74F7200F7D852 /* libRCTLinking.a in Frameworks */ = {isa = PBXBuildFile; fileRef = 78C398B91ACF4ADC00677621 /* libRCTLinking.a */; };
		139105C61AF99C1200B5F7CC /* libRCTSettings.a in Frameworks */ = {isa = PBXBuildFile; fileRef = 139105C11AF99BAD00B5F7CC /* libRCTSettings.a */; };
		139FDEF61B0652A700C62182 /* libRCTWebSocket.a in Frameworks */ = {isa = PBXBuildFile; fileRef = 139FDEF41B06529B00C62182 /* libRCTWebSocket.a */; };
		140ED2AC1D01E1AD002B40FF /* libReact.a in Frameworks */ = {isa = PBXBuildFile; fileRef = 146834041AC3E56700842450 /* libReact.a */; };
		146834051AC3E58100842450 /* libReact.a in Frameworks */ = {isa = PBXBuildFile; fileRef = 146834041AC3E56700842450 /* libReact.a */; };
		40B91B274B544A179BFD6A8E /* rubicon-icon-font.ttf in Resources */ = {isa = PBXBuildFile; fileRef = 7C6D56405B6C42F783F76859 /* rubicon-icon-font.ttf */; };
		4A3FDAC88AAD4EF18900CF26 /* GothamMedium.ttf in Resources */ = {isa = PBXBuildFile; fileRef = D4E28E3101374C8F9E221126 /* GothamMedium.ttf */; };
		5E9157361DD0AC6A00FF2AA8 /* libRCTAnimation.a in Frameworks */ = {isa = PBXBuildFile; fileRef = 5E9157331DD0AC6500FF2AA8 /* libRCTAnimation.a */; };
		666322A62981477C928A6F09 /* GothamLight.ttf in Resources */ = {isa = PBXBuildFile; fileRef = 98180DFE39B84F21BCBA22E0 /* GothamLight.ttf */; };
		67037DDB18994ABD8FA3F4BD /* EvilIcons.ttf in Resources */ = {isa = PBXBuildFile; fileRef = A7AA5DB34C6A4A51A21745C8 /* EvilIcons.ttf */; };
		71E299CFB132401594E86C9B /* Feather.ttf in Resources */ = {isa = PBXBuildFile; fileRef = EAFCF302F51C42D1979693C1 /* Feather.ttf */; };
		72BD3FEAC34E46448DE31E2E /* GothamUltra.ttf in Resources */ = {isa = PBXBuildFile; fileRef = 5FDF83FA77F940549150235F /* GothamUltra.ttf */; };
		733E3DE36A794C148D571053 /* libReactNativeNavigation.a in Frameworks */ = {isa = PBXBuildFile; fileRef = A8E9123875414746963A6622 /* libReactNativeNavigation.a */; };
		7A12DE683E844176BB294A7F /* GothamBlack.ttf in Resources */ = {isa = PBXBuildFile; fileRef = AEF8EC9874C54C6D803B21F1 /* GothamBlack.ttf */; };
		7C1107A44FE04AA4BFB3497B /* Ionicons.ttf in Resources */ = {isa = PBXBuildFile; fileRef = BAFE3D0963EB4397893833E6 /* Ionicons.ttf */; };
		7E80239DD250446B80C97256 /* GothamXLight.ttf in Resources */ = {isa = PBXBuildFile; fileRef = 9420F9991C234F988F22AE9E /* GothamXLight.ttf */; };
		832341BD1AAA6AB300B99B32 /* libRCTText.a in Frameworks */ = {isa = PBXBuildFile; fileRef = 832341B51AAA6A8300B99B32 /* libRCTText.a */; };
		8E2B8A499AB14804834738DE /* libz.tbd in Frameworks */ = {isa = PBXBuildFile; fileRef = 7BB12C152A904D4AA7516BB3 /* libz.tbd */; };
		9A10DE201FB396FD00F086E4 /* FBSDKLoginKit.framework in Frameworks */ = {isa = PBXBuildFile; fileRef = 9A10DE1C1FB396FC00F086E4 /* FBSDKLoginKit.framework */; };
		9A10DE211FB396FD00F086E4 /* FBSDKShareKit.framework in Frameworks */ = {isa = PBXBuildFile; fileRef = 9A10DE1D1FB396FC00F086E4 /* FBSDKShareKit.framework */; };
		9A10DE221FB396FD00F086E4 /* FBSDKCoreKit.framework in Frameworks */ = {isa = PBXBuildFile; fileRef = 9A10DE1E1FB396FC00F086E4 /* FBSDKCoreKit.framework */; };
		9A10DE231FB396FD00F086E4 /* Bolts.framework in Frameworks */ = {isa = PBXBuildFile; fileRef = 9A10DE1F1FB396FD00F086E4 /* Bolts.framework */; };
		9A10DED31FB3B0F100F086E4 /* libRNFetchBlob.a in Frameworks */ = {isa = PBXBuildFile; fileRef = 9A10DECF1FB3B0DE00F086E4 /* libRNFetchBlob.a */; };
		9A10DEDA1FB3B31F00F086E4 /* libAirMaps.a in Frameworks */ = {isa = PBXBuildFile; fileRef = 9A10DED91FB3B31400F086E4 /* libAirMaps.a */; };
		9A10DEF71FB3B90700F086E4 /* libRNImagePicker.a in Frameworks */ = {isa = PBXBuildFile; fileRef = 9A10DEF61FB3B8C200F086E4 /* libRNImagePicker.a */; };
		9A10DEFE1FB3BCC700F086E4 /* libRNGeocoder.a in Frameworks */ = {isa = PBXBuildFile; fileRef = 9A10DEFD1FB3BCBB00F086E4 /* libRNGeocoder.a */; };
		9A200BA11FB3842300E3DCC8 /* libRCTFBLogin.a in Frameworks */ = {isa = PBXBuildFile; fileRef = 9A200B801FB383DD00E3DCC8 /* libRCTFBLogin.a */; };
		9A24AA1C1FB2924F0064AAEE /* libRNFirebase.a in Frameworks */ = {isa = PBXBuildFile; fileRef = 9A24AA1B1FB292380064AAEE /* libRNFirebase.a */; };
		9A24AA1E1FB2A3430064AAEE /* GoogleService-Info.plist in Resources */ = {isa = PBXBuildFile; fileRef = 9A24AA1D1FB2A3430064AAEE /* GoogleService-Info.plist */; };
		9A3B443B1FB3463B00517550 /* TwitterCore.framework in Frameworks */ = {isa = PBXBuildFile; fileRef = 9A3B44171FB3463B00517550 /* TwitterCore.framework */; };
		9A3B443C1FB3463B00517550 /* TwitterKit.framework in Frameworks */ = {isa = PBXBuildFile; fileRef = 9A3B443A1FB3463B00517550 /* TwitterKit.framework */; };
		9A3B443F1FB3464F00517550 /* TwitterShareExtensionUIResources.bundle in Resources */ = {isa = PBXBuildFile; fileRef = 9A3B443D1FB3464E00517550 /* TwitterShareExtensionUIResources.bundle */; };
		9A3B44401FB3464F00517550 /* TwitterKitResources.bundle in Resources */ = {isa = PBXBuildFile; fileRef = 9A3B443E1FB3464E00517550 /* TwitterKitResources.bundle */; };
		9A3B44481FB34B1A00517550 /* libRNTwitterSignIn.a in Frameworks */ = {isa = PBXBuildFile; fileRef = 9A3B44471FB34AFB00517550 /* libRNTwitterSignIn.a */; };
		9ADC2B121FB2C6C400724B94 /* Images.xcassets in Resources */ = {isa = PBXBuildFile; fileRef = 9ADC2AE91FB2C6C300724B94 /* Images.xcassets */; };
		9ADC2B131FB2C6C400724B94 /* Info.plist in Resources */ = {isa = PBXBuildFile; fileRef = 9ADC2B0C1FB2C6C300724B94 /* Info.plist */; };
		9ADC2B141FB2C6C400724B94 /* main.m in Sources */ = {isa = PBXBuildFile; fileRef = 9ADC2B0D1FB2C6C300724B94 /* main.m */; };
		9ADC2B151FB2C6C400724B94 /* AppDelegate.m in Sources */ = {isa = PBXBuildFile; fileRef = 9ADC2B101FB2C6C300724B94 /* AppDelegate.m */; };
		9ADC2B161FB2C6C400724B94 /* Base.lproj in Resources */ = {isa = PBXBuildFile; fileRef = 9ADC2B111FB2C6C300724B94 /* Base.lproj */; };
		9B921D4D6CB34EA4BED05414 /* Octicons.ttf in Resources */ = {isa = PBXBuildFile; fileRef = 0DC426A925CC41F79C166727 /* Octicons.ttf */; };
		AC7561C61F29D6A3009FCD09 /* RNGoogleSignIn.swift in Sources */ = {isa = PBXBuildFile; fileRef = AC7561C21F29D6A3009FCD09 /* RNGoogleSignIn.swift */; };
		AC7561C71F29D6A3009FCD09 /* RNGoogleSignInBridge.m in Sources */ = {isa = PBXBuildFile; fileRef = AC7561C31F29D6A3009FCD09 /* RNGoogleSignInBridge.m */; };
		AC7561C81F29D6A3009FCD09 /* RNGoogleSignInEvents.swift in Sources */ = {isa = PBXBuildFile; fileRef = AC7561C41F29D6A3009FCD09 /* RNGoogleSignInEvents.swift */; };
		AC7561C91F29D6A3009FCD09 /* RNGoogleSignInEventsBridge.m in Sources */ = {isa = PBXBuildFile; fileRef = AC7561C51F29D6A3009FCD09 /* RNGoogleSignInEventsBridge.m */; };
		BC08F15E2F1C4E2BBEE214EB /* FontAwesome.ttf in Resources */ = {isa = PBXBuildFile; fileRef = 10F289F1542747BCB3738547 /* FontAwesome.ttf */; };
		C587731F1ABA46368CD7A979 /* Entypo.ttf in Resources */ = {isa = PBXBuildFile; fileRef = C852E8B184194568947ABE69 /* Entypo.ttf */; };
		C642CAD67B6D43A997491B25 /* Roboto.ttf in Resources */ = {isa = PBXBuildFile; fileRef = 4DCBF9D071654F76B1FFFF19 /* Roboto.ttf */; };
		CEDC5E74F08C4B86A9BF9DC4 /* SystemConfiguration.framework in Frameworks */ = {isa = PBXBuildFile; fileRef = 876A68A82BDC4640B726E4F1 /* SystemConfiguration.framework */; };
		D372370B3D5B45B2BD88E2C9 /* GothamBold.otf in Resources */ = {isa = PBXBuildFile; fileRef = 28AAC7B09A2D4C08AEE2F4ED /* GothamBold.otf */; };
		D4613A9A316C444C80A26F8C /* MaterialCommunityIcons.ttf in Resources */ = {isa = PBXBuildFile; fileRef = E0C6C317F027475B897FC999 /* MaterialCommunityIcons.ttf */; };
		D6D8103B436F4D199EE08046 /* SafariServices.framework in Frameworks */ = {isa = PBXBuildFile; fileRef = C1C9307CC94746F0B8C5E5BA /* SafariServices.framework */; };
		D9101CF0F36E4110B2A42F02 /* SimpleLineIcons.ttf in Resources */ = {isa = PBXBuildFile; fileRef = 2C999644E4614D9BBB8C90CE /* SimpleLineIcons.ttf */; };
		DBF81B590C5D2D9BFCFF0BEB /* libPods-WIPReact.a in Frameworks */ = {isa = PBXBuildFile; fileRef = D6B059A3E841ABE088F3F977 /* libPods-WIPReact.a */; };
		E816D5AA10F34D8F8BC066B3 /* MaterialIcons.ttf in Resources */ = {isa = PBXBuildFile; fileRef = 78E5D52A566B43B3A5E086ED /* MaterialIcons.ttf */; };
		F406A859A12C4011A769B783 /* Foundation.ttf in Resources */ = {isa = PBXBuildFile; fileRef = E70646CA5A6241BE881F8BB9 /* Foundation.ttf */; };
		F463BCFFD1604FCCB24289C0 /* AddressBook.framework in Frameworks */ = {isa = PBXBuildFile; fileRef = A56B8C89B9FF46C88DFF96C8 /* AddressBook.framework */; };
/* End PBXBuildFile section */

/* Begin PBXContainerItemProxy section */
		00C302AB1ABCB8CE00DB3ED1 /* PBXContainerItemProxy */ = {
			isa = PBXContainerItemProxy;
			containerPortal = 00C302A71ABCB8CE00DB3ED1 /* RCTActionSheet.xcodeproj */;
			proxyType = 2;
			remoteGlobalIDString = 134814201AA4EA6300B7C361;
			remoteInfo = RCTActionSheet;
		};
		00C302B91ABCB90400DB3ED1 /* PBXContainerItemProxy */ = {
			isa = PBXContainerItemProxy;
			containerPortal = 00C302B51ABCB90400DB3ED1 /* RCTGeolocation.xcodeproj */;
			proxyType = 2;
			remoteGlobalIDString = 134814201AA4EA6300B7C361;
			remoteInfo = RCTGeolocation;
		};
		00C302BF1ABCB91800DB3ED1 /* PBXContainerItemProxy */ = {
			isa = PBXContainerItemProxy;
			containerPortal = 00C302BB1ABCB91800DB3ED1 /* RCTImage.xcodeproj */;
			proxyType = 2;
			remoteGlobalIDString = 58B5115D1A9E6B3D00147676;
			remoteInfo = RCTImage;
		};
		00C302DB1ABCB9D200DB3ED1 /* PBXContainerItemProxy */ = {
			isa = PBXContainerItemProxy;
			containerPortal = 00C302D31ABCB9D200DB3ED1 /* RCTNetwork.xcodeproj */;
			proxyType = 2;
			remoteGlobalIDString = 58B511DB1A9E6C8500147676;
			remoteInfo = RCTNetwork;
		};
		00C302E31ABCB9EE00DB3ED1 /* PBXContainerItemProxy */ = {
			isa = PBXContainerItemProxy;
			containerPortal = 00C302DF1ABCB9EE00DB3ED1 /* RCTVibration.xcodeproj */;
			proxyType = 2;
			remoteGlobalIDString = 832C81801AAF6DEF007FA2F7;
			remoteInfo = RCTVibration;
		};
		00E356F41AD99517003FC87E /* PBXContainerItemProxy */ = {
			isa = PBXContainerItemProxy;
			containerPortal = 83CBB9F71A601CBA00E9B192 /* Project object */;
			proxyType = 1;
			remoteGlobalIDString = 13B07F861A680F5B00A75B9A;
			remoteInfo = ExampleApp;
		};
		139105C01AF99BAD00B5F7CC /* PBXContainerItemProxy */ = {
			isa = PBXContainerItemProxy;
			containerPortal = 139105B61AF99BAD00B5F7CC /* RCTSettings.xcodeproj */;
			proxyType = 2;
			remoteGlobalIDString = 134814201AA4EA6300B7C361;
			remoteInfo = RCTSettings;
		};
		139FDEF31B06529B00C62182 /* PBXContainerItemProxy */ = {
			isa = PBXContainerItemProxy;
			containerPortal = 139FDEE61B06529A00C62182 /* RCTWebSocket.xcodeproj */;
			proxyType = 2;
			remoteGlobalIDString = 3C86DF461ADF2C930047B81A;
			remoteInfo = RCTWebSocket;
		};
		146834031AC3E56700842450 /* PBXContainerItemProxy */ = {
			isa = PBXContainerItemProxy;
			containerPortal = 146833FF1AC3E56700842450 /* React.xcodeproj */;
			proxyType = 2;
			remoteGlobalIDString = 83CBBA2E1A601D0E00E9B192;
			remoteInfo = React;
		};
		1C49FD811FB2896700A99352 /* PBXContainerItemProxy */ = {
			isa = PBXContainerItemProxy;
			containerPortal = 139FDEE61B06529A00C62182 /* RCTWebSocket.xcodeproj */;
			proxyType = 2;
			remoteGlobalIDString = 3DBE0D001F3B181A0099AA32;
			remoteInfo = fishhook;
		};
		1C49FD831FB2896700A99352 /* PBXContainerItemProxy */ = {
			isa = PBXContainerItemProxy;
			containerPortal = 139FDEE61B06529A00C62182 /* RCTWebSocket.xcodeproj */;
			proxyType = 2;
			remoteGlobalIDString = 3DBE0D0D1F3B181C0099AA32;
			remoteInfo = "fishhook-tvOS";
		};
		1C49FD931FB2896700A99352 /* PBXContainerItemProxy */ = {
			isa = PBXContainerItemProxy;
			containerPortal = 146833FF1AC3E56700842450 /* React.xcodeproj */;
			proxyType = 2;
			remoteGlobalIDString = 139D7ECE1E25DB7D00323FB7;
			remoteInfo = "third-party";
		};
		1C49FD951FB2896700A99352 /* PBXContainerItemProxy */ = {
			isa = PBXContainerItemProxy;
			containerPortal = 146833FF1AC3E56700842450 /* React.xcodeproj */;
			proxyType = 2;
			remoteGlobalIDString = 3D383D3C1EBD27B6005632C8;
			remoteInfo = "third-party-tvOS";
		};
		1C49FD971FB2896700A99352 /* PBXContainerItemProxy */ = {
			isa = PBXContainerItemProxy;
			containerPortal = 146833FF1AC3E56700842450 /* React.xcodeproj */;
			proxyType = 2;
			remoteGlobalIDString = 139D7E881E25C6D100323FB7;
			remoteInfo = "double-conversion";
		};
		1C49FD991FB2896700A99352 /* PBXContainerItemProxy */ = {
			isa = PBXContainerItemProxy;
			containerPortal = 146833FF1AC3E56700842450 /* React.xcodeproj */;
			proxyType = 2;
			remoteGlobalIDString = 3D383D621EBD27B9005632C8;
			remoteInfo = "double-conversion-tvOS";
		};
		1C49FD9B1FB2896700A99352 /* PBXContainerItemProxy */ = {
			isa = PBXContainerItemProxy;
			containerPortal = 146833FF1AC3E56700842450 /* React.xcodeproj */;
			proxyType = 2;
			remoteGlobalIDString = 9936F3131F5F2E4B0010BF04;
			remoteInfo = privatedata;
		};
		1C49FD9D1FB2896700A99352 /* PBXContainerItemProxy */ = {
			isa = PBXContainerItemProxy;
			containerPortal = 146833FF1AC3E56700842450 /* React.xcodeproj */;
			proxyType = 2;
			remoteGlobalIDString = 9936F32F1F5F2E5B0010BF04;
			remoteInfo = "privatedata-tvOS";
		};
		3DAD3E831DF850E9000B6D8A /* PBXContainerItemProxy */ = {
			isa = PBXContainerItemProxy;
			containerPortal = 00C302BB1ABCB91800DB3ED1 /* RCTImage.xcodeproj */;
			proxyType = 2;
			remoteGlobalIDString = 2D2A283A1D9B042B00D4039D;
			remoteInfo = "RCTImage-tvOS";
		};
		3DAD3E871DF850E9000B6D8A /* PBXContainerItemProxy */ = {
			isa = PBXContainerItemProxy;
			containerPortal = 78C398B01ACF4ADC00677621 /* RCTLinking.xcodeproj */;
			proxyType = 2;
			remoteGlobalIDString = 2D2A28471D9B043800D4039D;
			remoteInfo = "RCTLinking-tvOS";
		};
		3DAD3E8B1DF850E9000B6D8A /* PBXContainerItemProxy */ = {
			isa = PBXContainerItemProxy;
			containerPortal = 00C302D31ABCB9D200DB3ED1 /* RCTNetwork.xcodeproj */;
			proxyType = 2;
			remoteGlobalIDString = 2D2A28541D9B044C00D4039D;
			remoteInfo = "RCTNetwork-tvOS";
		};
		3DAD3E8F1DF850E9000B6D8A /* PBXContainerItemProxy */ = {
			isa = PBXContainerItemProxy;
			containerPortal = 139105B61AF99BAD00B5F7CC /* RCTSettings.xcodeproj */;
			proxyType = 2;
			remoteGlobalIDString = 2D2A28611D9B046600D4039D;
			remoteInfo = "RCTSettings-tvOS";
		};
		3DAD3E931DF850E9000B6D8A /* PBXContainerItemProxy */ = {
			isa = PBXContainerItemProxy;
			containerPortal = 832341B01AAA6A8300B99B32 /* RCTText.xcodeproj */;
			proxyType = 2;
			remoteGlobalIDString = 2D2A287B1D9B048500D4039D;
			remoteInfo = "RCTText-tvOS";
		};
		3DAD3E981DF850E9000B6D8A /* PBXContainerItemProxy */ = {
			isa = PBXContainerItemProxy;
			containerPortal = 139FDEE61B06529A00C62182 /* RCTWebSocket.xcodeproj */;
			proxyType = 2;
			remoteGlobalIDString = 2D2A28881D9B049200D4039D;
			remoteInfo = "RCTWebSocket-tvOS";
		};
		3DAD3EA21DF850E9000B6D8A /* PBXContainerItemProxy */ = {
			isa = PBXContainerItemProxy;
			containerPortal = 146833FF1AC3E56700842450 /* React.xcodeproj */;
			proxyType = 2;
			remoteGlobalIDString = 2D2A28131D9B038B00D4039D;
			remoteInfo = "React-tvOS";
		};
		3DAD3EA41DF850E9000B6D8A /* PBXContainerItemProxy */ = {
			isa = PBXContainerItemProxy;
			containerPortal = 146833FF1AC3E56700842450 /* React.xcodeproj */;
			proxyType = 2;
			remoteGlobalIDString = 3D3C059A1DE3340900C268FA;
			remoteInfo = yoga;
		};
		3DAD3EA61DF850E9000B6D8A /* PBXContainerItemProxy */ = {
			isa = PBXContainerItemProxy;
			containerPortal = 146833FF1AC3E56700842450 /* React.xcodeproj */;
			proxyType = 2;
			remoteGlobalIDString = 3D3C06751DE3340C00C268FA;
			remoteInfo = "yoga-tvOS";
		};
		3DAD3EA81DF850E9000B6D8A /* PBXContainerItemProxy */ = {
			isa = PBXContainerItemProxy;
			containerPortal = 146833FF1AC3E56700842450 /* React.xcodeproj */;
			proxyType = 2;
			remoteGlobalIDString = 3D3CD9251DE5FBEC00167DC4;
			remoteInfo = cxxreact;
		};
		3DAD3EAA1DF850E9000B6D8A /* PBXContainerItemProxy */ = {
			isa = PBXContainerItemProxy;
			containerPortal = 146833FF1AC3E56700842450 /* React.xcodeproj */;
			proxyType = 2;
			remoteGlobalIDString = 3D3CD9321DE5FBEE00167DC4;
			remoteInfo = "cxxreact-tvOS";
		};
		3DAD3EAC1DF850E9000B6D8A /* PBXContainerItemProxy */ = {
			isa = PBXContainerItemProxy;
			containerPortal = 146833FF1AC3E56700842450 /* React.xcodeproj */;
			proxyType = 2;
			remoteGlobalIDString = 3D3CD90B1DE5FBD600167DC4;
			remoteInfo = jschelpers;
		};
		3DAD3EAE1DF850E9000B6D8A /* PBXContainerItemProxy */ = {
			isa = PBXContainerItemProxy;
			containerPortal = 146833FF1AC3E56700842450 /* React.xcodeproj */;
			proxyType = 2;
			remoteGlobalIDString = 3D3CD9181DE5FBD800167DC4;
			remoteInfo = "jschelpers-tvOS";
		};
		5E9157321DD0AC6500FF2AA8 /* PBXContainerItemProxy */ = {
			isa = PBXContainerItemProxy;
			containerPortal = 5E91572D1DD0AC6500FF2AA8 /* RCTAnimation.xcodeproj */;
			proxyType = 2;
			remoteGlobalIDString = 134814201AA4EA6300B7C361;
			remoteInfo = RCTAnimation;
		};
		5E9157341DD0AC6500FF2AA8 /* PBXContainerItemProxy */ = {
			isa = PBXContainerItemProxy;
			containerPortal = 5E91572D1DD0AC6500FF2AA8 /* RCTAnimation.xcodeproj */;
			proxyType = 2;
			remoteGlobalIDString = 2D2A28201D9B03D100D4039D;
			remoteInfo = "RCTAnimation-tvOS";
		};
		78C398B81ACF4ADC00677621 /* PBXContainerItemProxy */ = {
			isa = PBXContainerItemProxy;
			containerPortal = 78C398B01ACF4ADC00677621 /* RCTLinking.xcodeproj */;
			proxyType = 2;
			remoteGlobalIDString = 134814201AA4EA6300B7C361;
			remoteInfo = RCTLinking;
		};
		832341B41AAA6A8300B99B32 /* PBXContainerItemProxy */ = {
			isa = PBXContainerItemProxy;
			containerPortal = 832341B01AAA6A8300B99B32 /* RCTText.xcodeproj */;
			proxyType = 2;
			remoteGlobalIDString = 58B5119B1A9E6C1200147676;
			remoteInfo = RCTText;
		};
		9A10DE5E1FB39D7700F086E4 /* PBXContainerItemProxy */ = {
			isa = PBXContainerItemProxy;
			containerPortal = B983E7BA34CE466695158FE7 /* ReactNativeNavigation.xcodeproj */;
			proxyType = 2;
			remoteGlobalIDString = D8AFADBD1BEE6F3F00A4592D;
			remoteInfo = ReactNativeNavigation;
		};
		9A10DE611FB39D7700F086E4 /* PBXContainerItemProxy */ = {
			isa = PBXContainerItemProxy;
			containerPortal = E4C89B7905FB4692A0AAF362 /* RNGoogleSignin.xcodeproj */;
			proxyType = 2;
			remoteGlobalIDString = 9FD355121D3E4A2900D06170;
			remoteInfo = RNGoogleSignin;
		};
		9A10DECE1FB3B0DE00F086E4 /* PBXContainerItemProxy */ = {
			isa = PBXContainerItemProxy;
			containerPortal = 9A10DEA71FB3B0DE00F086E4 /* RNFetchBlob.xcodeproj */;
			proxyType = 2;
			remoteGlobalIDString = A15C300E1CD25C330074CB35;
			remoteInfo = RNFetchBlob;
		};
		9A10DED81FB3B31400F086E4 /* PBXContainerItemProxy */ = {
			isa = PBXContainerItemProxy;
			containerPortal = 9A10DED41FB3B31300F086E4 /* AirMaps.xcodeproj */;
			proxyType = 2;
			remoteGlobalIDString = 11FA5C511C4A1296003AC2EE;
			remoteInfo = AirMaps;
		};
		9A10DEF51FB3B8C200F086E4 /* PBXContainerItemProxy */ = {
			isa = PBXContainerItemProxy;
			containerPortal = 9A10DEF11FB3B8C200F086E4 /* RNImagePicker.xcodeproj */;
			proxyType = 2;
			remoteGlobalIDString = 014A3B5C1C6CF33500B6D375;
			remoteInfo = RNImagePicker;
		};
		9A10DEFC1FB3BCBB00F086E4 /* PBXContainerItemProxy */ = {
			isa = PBXContainerItemProxy;
			containerPortal = 9A10DEF81FB3BCBB00F086E4 /* RNGeocoder.xcodeproj */;
			proxyType = 2;
			remoteGlobalIDString = BF8FCF941BFFB184000FCD37;
			remoteInfo = RNGeocoder;
		};
		9A200B7F1FB383DD00E3DCC8 /* PBXContainerItemProxy */ = {
			isa = PBXContainerItemProxy;
			containerPortal = 9A200B781FB383DD00E3DCC8 /* RCTFBLogin.xcodeproj */;
			proxyType = 2;
			remoteGlobalIDString = 4F3A6B5B1ACFBCC500CA65F7;
			remoteInfo = RCTFBLogin;
		};
		9A24AA1A1FB292380064AAEE /* PBXContainerItemProxy */ = {
			isa = PBXContainerItemProxy;
			containerPortal = 9A24AA161FB292380064AAEE /* RNFirebase.xcodeproj */;
			proxyType = 2;
			remoteGlobalIDString = 134814201AA4EA6300B7C361;
			remoteInfo = RNFirebase;
		};
		9A3B44461FB34AFB00517550 /* PBXContainerItemProxy */ = {
			isa = PBXContainerItemProxy;
			containerPortal = 9A3B44411FB34AFB00517550 /* RNTwitterSignIn.xcodeproj */;
			proxyType = 2;
			remoteGlobalIDString = D07E57251F07806700A7160F;
			remoteInfo = RNTwitterSignIn;
		};
/* End PBXContainerItemProxy section */

/* Begin PBXFileReference section */
		008F07F21AC5B25A0029DE68 /* main.jsbundle */ = {isa = PBXFileReference; fileEncoding = 4; lastKnownFileType = text; path = main.jsbundle; sourceTree = "<group>"; };
		00C302A71ABCB8CE00DB3ED1 /* RCTActionSheet.xcodeproj */ = {isa = PBXFileReference; lastKnownFileType = "wrapper.pb-project"; name = RCTActionSheet.xcodeproj; path = "../node_modules/react-native/Libraries/ActionSheetIOS/RCTActionSheet.xcodeproj"; sourceTree = "<group>"; };
		00C302B51ABCB90400DB3ED1 /* RCTGeolocation.xcodeproj */ = {isa = PBXFileReference; lastKnownFileType = "wrapper.pb-project"; name = RCTGeolocation.xcodeproj; path = "../node_modules/react-native/Libraries/Geolocation/RCTGeolocation.xcodeproj"; sourceTree = "<group>"; };
		00C302BB1ABCB91800DB3ED1 /* RCTImage.xcodeproj */ = {isa = PBXFileReference; lastKnownFileType = "wrapper.pb-project"; name = RCTImage.xcodeproj; path = "../node_modules/react-native/Libraries/Image/RCTImage.xcodeproj"; sourceTree = "<group>"; };
		00C302D31ABCB9D200DB3ED1 /* RCTNetwork.xcodeproj */ = {isa = PBXFileReference; lastKnownFileType = "wrapper.pb-project"; name = RCTNetwork.xcodeproj; path = "../node_modules/react-native/Libraries/Network/RCTNetwork.xcodeproj"; sourceTree = "<group>"; };
		00C302DF1ABCB9EE00DB3ED1 /* RCTVibration.xcodeproj */ = {isa = PBXFileReference; lastKnownFileType = "wrapper.pb-project"; name = RCTVibration.xcodeproj; path = "../node_modules/react-native/Libraries/Vibration/RCTVibration.xcodeproj"; sourceTree = "<group>"; };
		00E356F11AD99517003FC87E /* Info.plist */ = {isa = PBXFileReference; lastKnownFileType = text.plist.xml; path = Info.plist; sourceTree = "<group>"; };
		00E356F21AD99517003FC87E /* WIPReactTests.m */ = {isa = PBXFileReference; lastKnownFileType = sourcecode.c.objc; path = WIPReactTests.m; sourceTree = "<group>"; };
		0DC426A925CC41F79C166727 /* Octicons.ttf */ = {isa = PBXFileReference; explicitFileType = undefined; fileEncoding = 9; includeInIndex = 0; lastKnownFileType = unknown; name = Octicons.ttf; path = "../node_modules/native-base/Fonts/Octicons.ttf"; sourceTree = "<group>"; };
		10F289F1542747BCB3738547 /* FontAwesome.ttf */ = {isa = PBXFileReference; explicitFileType = undefined; fileEncoding = 9; includeInIndex = 0; lastKnownFileType = unknown; name = FontAwesome.ttf; path = "../node_modules/native-base/Fonts/FontAwesome.ttf"; sourceTree = "<group>"; };
		139105B61AF99BAD00B5F7CC /* RCTSettings.xcodeproj */ = {isa = PBXFileReference; lastKnownFileType = "wrapper.pb-project"; name = RCTSettings.xcodeproj; path = "../node_modules/react-native/Libraries/Settings/RCTSettings.xcodeproj"; sourceTree = "<group>"; };
		139FDEE61B06529A00C62182 /* RCTWebSocket.xcodeproj */ = {isa = PBXFileReference; lastKnownFileType = "wrapper.pb-project"; name = RCTWebSocket.xcodeproj; path = "../node_modules/react-native/Libraries/WebSocket/RCTWebSocket.xcodeproj"; sourceTree = "<group>"; };
		146833FF1AC3E56700842450 /* React.xcodeproj */ = {isa = PBXFileReference; lastKnownFileType = "wrapper.pb-project"; name = React.xcodeproj; path = "../node_modules/react-native/React/React.xcodeproj"; sourceTree = "<group>"; };
		257CD83327C9446D83F44FFD /* Roboto_medium.ttf */ = {isa = PBXFileReference; explicitFileType = undefined; fileEncoding = 9; includeInIndex = 0; lastKnownFileType = unknown; name = Roboto_medium.ttf; path = "../node_modules/native-base/Fonts/Roboto_medium.ttf"; sourceTree = "<group>"; };
		28AAC7B09A2D4C08AEE2F4ED /* GothamBold.otf */ = {isa = PBXFileReference; explicitFileType = undefined; fileEncoding = 9; includeInIndex = 0; lastKnownFileType = unknown; name = GothamBold.otf; path = ../src/Assets/Fonts/GothamBold.otf; sourceTree = "<group>"; };
		2C999644E4614D9BBB8C90CE /* SimpleLineIcons.ttf */ = {isa = PBXFileReference; explicitFileType = undefined; fileEncoding = 9; includeInIndex = 0; lastKnownFileType = unknown; name = SimpleLineIcons.ttf; path = "../node_modules/native-base/Fonts/SimpleLineIcons.ttf"; sourceTree = "<group>"; };
		41D33DF4367F43CD877E0988 /* Zocial.ttf */ = {isa = PBXFileReference; explicitFileType = undefined; fileEncoding = 9; includeInIndex = 0; lastKnownFileType = unknown; name = Zocial.ttf; path = "../node_modules/native-base/Fonts/Zocial.ttf"; sourceTree = "<group>"; };
		4DCBF9D071654F76B1FFFF19 /* Roboto.ttf */ = {isa = PBXFileReference; explicitFileType = undefined; fileEncoding = 9; includeInIndex = 0; lastKnownFileType = unknown; name = Roboto.ttf; path = "../node_modules/native-base/Fonts/Roboto.ttf"; sourceTree = "<group>"; };
		5E91572D1DD0AC6500FF2AA8 /* RCTAnimation.xcodeproj */ = {isa = PBXFileReference; lastKnownFileType = "wrapper.pb-project"; name = RCTAnimation.xcodeproj; path = "../node_modules/react-native/Libraries/NativeAnimation/RCTAnimation.xcodeproj"; sourceTree = "<group>"; };
		5FDF83FA77F940549150235F /* GothamUltra.ttf */ = {isa = PBXFileReference; explicitFileType = undefined; fileEncoding = 9; includeInIndex = 0; lastKnownFileType = unknown; name = GothamUltra.ttf; path = ../src/Assets/Fonts/GothamUltra.ttf; sourceTree = "<group>"; };
		78C398B01ACF4ADC00677621 /* RCTLinking.xcodeproj */ = {isa = PBXFileReference; lastKnownFileType = "wrapper.pb-project"; name = RCTLinking.xcodeproj; path = "../node_modules/react-native/Libraries/LinkingIOS/RCTLinking.xcodeproj"; sourceTree = "<group>"; };
		78E5D52A566B43B3A5E086ED /* MaterialIcons.ttf */ = {isa = PBXFileReference; explicitFileType = undefined; fileEncoding = 9; includeInIndex = 0; lastKnownFileType = unknown; name = MaterialIcons.ttf; path = "../node_modules/native-base/Fonts/MaterialIcons.ttf"; sourceTree = "<group>"; };
		7BB12C152A904D4AA7516BB3 /* libz.tbd */ = {isa = PBXFileReference; explicitFileType = undefined; fileEncoding = 9; includeInIndex = 0; lastKnownFileType = "sourcecode.text-based-dylib-definition"; name = libz.tbd; path = usr/lib/libz.tbd; sourceTree = SDKROOT; };
		7C6D56405B6C42F783F76859 /* rubicon-icon-font.ttf */ = {isa = PBXFileReference; explicitFileType = undefined; fileEncoding = 9; includeInIndex = 0; lastKnownFileType = unknown; name = "rubicon-icon-font.ttf"; path = "../node_modules/native-base/Fonts/rubicon-icon-font.ttf"; sourceTree = "<group>"; };
		832341B01AAA6A8300B99B32 /* RCTText.xcodeproj */ = {isa = PBXFileReference; lastKnownFileType = "wrapper.pb-project"; name = RCTText.xcodeproj; path = "../node_modules/react-native/Libraries/Text/RCTText.xcodeproj"; sourceTree = "<group>"; };
		8725936B289B4574A0C59701 /* GothamThin.ttf */ = {isa = PBXFileReference; explicitFileType = undefined; fileEncoding = 9; includeInIndex = 0; lastKnownFileType = unknown; name = GothamThin.ttf; path = ../src/Assets/Fonts/GothamThin.ttf; sourceTree = "<group>"; };
		876A68A82BDC4640B726E4F1 /* SystemConfiguration.framework */ = {isa = PBXFileReference; explicitFileType = undefined; fileEncoding = 9; includeInIndex = 0; lastKnownFileType = wrapper.framework; name = SystemConfiguration.framework; path = System/Library/Frameworks/SystemConfiguration.framework; sourceTree = SDKROOT; };
		921AB04E06AB41E99FA5A6D9 /* libRNGoogleSignin.a */ = {isa = PBXFileReference; explicitFileType = undefined; fileEncoding = 9; includeInIndex = 0; lastKnownFileType = archive.ar; path = libRNGoogleSignin.a; sourceTree = "<group>"; };
		9420F9991C234F988F22AE9E /* GothamXLight.ttf */ = {isa = PBXFileReference; explicitFileType = undefined; fileEncoding = 9; includeInIndex = 0; lastKnownFileType = unknown; name = GothamXLight.ttf; path = ../src/Assets/Fonts/GothamXLight.ttf; sourceTree = "<group>"; };
		98180DFE39B84F21BCBA22E0 /* GothamLight.ttf */ = {isa = PBXFileReference; explicitFileType = undefined; fileEncoding = 9; includeInIndex = 0; lastKnownFileType = unknown; name = GothamLight.ttf; path = ../src/Assets/Fonts/GothamLight.ttf; sourceTree = "<group>"; };
		9A10DE1C1FB396FC00F086E4 /* FBSDKLoginKit.framework */ = {isa = PBXFileReference; lastKnownFileType = wrapper.framework; name = FBSDKLoginKit.framework; path = FacebookSDK/FBSDKLoginKit.framework; sourceTree = "<group>"; };
		9A10DE1D1FB396FC00F086E4 /* FBSDKShareKit.framework */ = {isa = PBXFileReference; lastKnownFileType = wrapper.framework; name = FBSDKShareKit.framework; path = FacebookSDK/FBSDKShareKit.framework; sourceTree = "<group>"; };
		9A10DE1E1FB396FC00F086E4 /* FBSDKCoreKit.framework */ = {isa = PBXFileReference; lastKnownFileType = wrapper.framework; name = FBSDKCoreKit.framework; path = FacebookSDK/FBSDKCoreKit.framework; sourceTree = "<group>"; };
		9A10DE1F1FB396FD00F086E4 /* Bolts.framework */ = {isa = PBXFileReference; lastKnownFileType = wrapper.framework; name = Bolts.framework; path = FacebookSDK/Bolts.framework; sourceTree = "<group>"; };
		9A10DEA71FB3B0DE00F086E4 /* RNFetchBlob.xcodeproj */ = {isa = PBXFileReference; lastKnownFileType = "wrapper.pb-project"; name = RNFetchBlob.xcodeproj; path = "../node_modules/react-native-fetch-blob/ios/RNFetchBlob.xcodeproj"; sourceTree = "<group>"; };
		9A10DED41FB3B31300F086E4 /* AirMaps.xcodeproj */ = {isa = PBXFileReference; lastKnownFileType = "wrapper.pb-project"; name = AirMaps.xcodeproj; path = "../node_modules/react-native-maps/lib/ios/AirMaps.xcodeproj"; sourceTree = "<group>"; };
		9A10DEF11FB3B8C200F086E4 /* RNImagePicker.xcodeproj */ = {isa = PBXFileReference; lastKnownFileType = "wrapper.pb-project"; name = RNImagePicker.xcodeproj; path = "../node_modules/react-native-image-picker/ios/RNImagePicker.xcodeproj"; sourceTree = "<group>"; };
		9A10DEF81FB3BCBB00F086E4 /* RNGeocoder.xcodeproj */ = {isa = PBXFileReference; lastKnownFileType = "wrapper.pb-project"; name = RNGeocoder.xcodeproj; path = "../node_modules/react-native-geocoder/ios/RNGeocoder.xcodeproj"; sourceTree = "<group>"; };
		9A200B781FB383DD00E3DCC8 /* RCTFBLogin.xcodeproj */ = {isa = PBXFileReference; lastKnownFileType = "wrapper.pb-project"; name = RCTFBLogin.xcodeproj; path = "../node_modules/react-native-facebook-login/RCTFBLogin.xcodeproj"; sourceTree = "<group>"; };
		9A24AA161FB292380064AAEE /* RNFirebase.xcodeproj */ = {isa = PBXFileReference; lastKnownFileType = "wrapper.pb-project"; name = RNFirebase.xcodeproj; path = "../node_modules/react-native-firebase/ios/RNFirebase.xcodeproj"; sourceTree = "<group>"; };
		9A24AA1D1FB2A3430064AAEE /* GoogleService-Info.plist */ = {isa = PBXFileReference; fileEncoding = 4; lastKnownFileType = text.plist.xml; path = "GoogleService-Info.plist"; sourceTree = "<group>"; };
		9A3B44171FB3463B00517550 /* TwitterCore.framework */ = {isa = PBXFileReference; lastKnownFileType = wrapper.framework; name = TwitterCore.framework; path = TwitterKitManual/TwitterCore.framework; sourceTree = "<group>"; };
		9A3B443A1FB3463B00517550 /* TwitterKit.framework */ = {isa = PBXFileReference; lastKnownFileType = wrapper.framework; name = TwitterKit.framework; path = TwitterKitManual/TwitterKit.framework; sourceTree = "<group>"; };
		9A3B443D1FB3464E00517550 /* TwitterShareExtensionUIResources.bundle */ = {isa = PBXFileReference; lastKnownFileType = "wrapper.plug-in"; name = TwitterShareExtensionUIResources.bundle; path = TwitterKitManual/TwitterKit.framework/TwitterShareExtensionUIResources.bundle; sourceTree = "<group>"; };
		9A3B443E1FB3464E00517550 /* TwitterKitResources.bundle */ = {isa = PBXFileReference; lastKnownFileType = "wrapper.plug-in"; name = TwitterKitResources.bundle; path = TwitterKitManual/TwitterKit.framework/TwitterKitResources.bundle; sourceTree = "<group>"; };
		9A3B44411FB34AFB00517550 /* RNTwitterSignIn.xcodeproj */ = {isa = PBXFileReference; lastKnownFileType = "wrapper.pb-project"; name = RNTwitterSignIn.xcodeproj; path = "../node_modules/react-native-twitter-signin/ios/RNTwitterSignIn.xcodeproj"; sourceTree = "<group>"; };
		9AD2C5771FB2D4710054EEFE /* WIPReactTests.xctest */ = {isa = PBXFileReference; explicitFileType = wrapper.cfbundle; includeInIndex = 0; path = WIPReactTests.xctest; sourceTree = BUILT_PRODUCTS_DIR; };
		9AD2C6051FB2E6260054EEFE /* WIPReact.app */ = {isa = PBXFileReference; explicitFileType = wrapper.application; includeInIndex = 0; path = WIPReact.app; sourceTree = BUILT_PRODUCTS_DIR; };
		9ADC2AE91FB2C6C300724B94 /* Images.xcassets */ = {isa = PBXFileReference; lastKnownFileType = folder.assetcatalog; path = Images.xcassets; sourceTree = "<group>"; };
		9ADC2B0C1FB2C6C300724B94 /* Info.plist */ = {isa = PBXFileReference; fileEncoding = 4; lastKnownFileType = text.plist.xml; path = Info.plist; sourceTree = "<group>"; };
		9ADC2B0D1FB2C6C300724B94 /* main.m */ = {isa = PBXFileReference; fileEncoding = 4; lastKnownFileType = sourcecode.c.objc; path = main.m; sourceTree = "<group>"; };
		9ADC2B0E1FB2C6C300724B94 /* WIPReact-Bridging-Header.h */ = {isa = PBXFileReference; fileEncoding = 4; lastKnownFileType = sourcecode.c.h; path = "WIPReact-Bridging-Header.h"; sourceTree = "<group>"; };
		9ADC2B0F1FB2C6C300724B94 /* AppDelegate.h */ = {isa = PBXFileReference; fileEncoding = 4; lastKnownFileType = sourcecode.c.h; path = AppDelegate.h; sourceTree = "<group>"; };
		9ADC2B101FB2C6C300724B94 /* AppDelegate.m */ = {isa = PBXFileReference; fileEncoding = 4; lastKnownFileType = sourcecode.c.objc; path = AppDelegate.m; sourceTree = "<group>"; };
		9ADC2B111FB2C6C300724B94 /* Base.lproj */ = {isa = PBXFileReference; lastKnownFileType = folder; path = Base.lproj; sourceTree = "<group>"; };
		9FDF05FCB6CE86DF4B79D6F8 /* Pods-WIPReact.release.xcconfig */ = {isa = PBXFileReference; includeInIndex = 1; lastKnownFileType = text.xcconfig; name = "Pods-WIPReact.release.xcconfig"; path = "Pods/Target Support Files/Pods-WIPReact/Pods-WIPReact.release.xcconfig"; sourceTree = "<group>"; };
		A56B8C89B9FF46C88DFF96C8 /* AddressBook.framework */ = {isa = PBXFileReference; explicitFileType = undefined; fileEncoding = 9; includeInIndex = 0; lastKnownFileType = wrapper.framework; name = AddressBook.framework; path = System/Library/Frameworks/AddressBook.framework; sourceTree = SDKROOT; };
		A7AA5DB34C6A4A51A21745C8 /* EvilIcons.ttf */ = {isa = PBXFileReference; explicitFileType = undefined; fileEncoding = 9; includeInIndex = 0; lastKnownFileType = unknown; name = EvilIcons.ttf; path = "../node_modules/native-base/Fonts/EvilIcons.ttf"; sourceTree = "<group>"; };
		A8E9123875414746963A6622 /* libReactNativeNavigation.a */ = {isa = PBXFileReference; explicitFileType = undefined; fileEncoding = 9; includeInIndex = 0; lastKnownFileType = archive.ar; path = libReactNativeNavigation.a; sourceTree = "<group>"; };
		AC7561C11F29D6A3009FCD09 /* RNGoogleSignIn-Bridging-Header.h */ = {isa = PBXFileReference; fileEncoding = 4; lastKnownFileType = sourcecode.c.h; path = "RNGoogleSignIn-Bridging-Header.h"; sourceTree = "<group>"; };
		AC7561C21F29D6A3009FCD09 /* RNGoogleSignIn.swift */ = {isa = PBXFileReference; fileEncoding = 4; lastKnownFileType = sourcecode.swift; path = RNGoogleSignIn.swift; sourceTree = "<group>"; };
		AC7561C31F29D6A3009FCD09 /* RNGoogleSignInBridge.m */ = {isa = PBXFileReference; fileEncoding = 4; lastKnownFileType = sourcecode.c.objc; path = RNGoogleSignInBridge.m; sourceTree = "<group>"; };
		AC7561C41F29D6A3009FCD09 /* RNGoogleSignInEvents.swift */ = {isa = PBXFileReference; fileEncoding = 4; lastKnownFileType = sourcecode.swift; path = RNGoogleSignInEvents.swift; sourceTree = "<group>"; };
		AC7561C51F29D6A3009FCD09 /* RNGoogleSignInEventsBridge.m */ = {isa = PBXFileReference; fileEncoding = 4; lastKnownFileType = sourcecode.c.objc; path = RNGoogleSignInEventsBridge.m; sourceTree = "<group>"; };
		AEF8EC9874C54C6D803B21F1 /* GothamBlack.ttf */ = {isa = PBXFileReference; explicitFileType = undefined; fileEncoding = 9; includeInIndex = 0; lastKnownFileType = unknown; name = GothamBlack.ttf; path = ../src/Assets/Fonts/GothamBlack.ttf; sourceTree = "<group>"; };
		B983E7BA34CE466695158FE7 /* ReactNativeNavigation.xcodeproj */ = {isa = PBXFileReference; explicitFileType = undefined; fileEncoding = 9; includeInIndex = 0; lastKnownFileType = "wrapper.pb-project"; name = ReactNativeNavigation.xcodeproj; path = "../node_modules/react-native-navigation/ios/ReactNativeNavigation.xcodeproj"; sourceTree = "<group>"; };
		BAFE3D0963EB4397893833E6 /* Ionicons.ttf */ = {isa = PBXFileReference; explicitFileType = undefined; fileEncoding = 9; includeInIndex = 0; lastKnownFileType = unknown; name = Ionicons.ttf; path = "../node_modules/native-base/Fonts/Ionicons.ttf"; sourceTree = "<group>"; };
		BF71B4E5C2483E718AC4D192 /* Pods-WIPReact.debug.xcconfig */ = {isa = PBXFileReference; includeInIndex = 1; lastKnownFileType = text.xcconfig; name = "Pods-WIPReact.debug.xcconfig"; path = "Pods/Target Support Files/Pods-WIPReact/Pods-WIPReact.debug.xcconfig"; sourceTree = "<group>"; };
		C1C9307CC94746F0B8C5E5BA /* SafariServices.framework */ = {isa = PBXFileReference; explicitFileType = undefined; fileEncoding = 9; includeInIndex = 0; lastKnownFileType = wrapper.framework; name = SafariServices.framework; path = System/Library/Frameworks/SafariServices.framework; sourceTree = SDKROOT; };
		C852E8B184194568947ABE69 /* Entypo.ttf */ = {isa = PBXFileReference; explicitFileType = undefined; fileEncoding = 9; includeInIndex = 0; lastKnownFileType = unknown; name = Entypo.ttf; path = "../node_modules/native-base/Fonts/Entypo.ttf"; sourceTree = "<group>"; };
		D4E28E3101374C8F9E221126 /* GothamMedium.ttf */ = {isa = PBXFileReference; explicitFileType = undefined; fileEncoding = 9; includeInIndex = 0; lastKnownFileType = unknown; name = GothamMedium.ttf; path = ../src/Assets/Fonts/GothamMedium.ttf; sourceTree = "<group>"; };
		D6B059A3E841ABE088F3F977 /* libPods-WIPReact.a */ = {isa = PBXFileReference; explicitFileType = archive.ar; includeInIndex = 0; path = "libPods-WIPReact.a"; sourceTree = BUILT_PRODUCTS_DIR; };
		E0C6C317F027475B897FC999 /* MaterialCommunityIcons.ttf */ = {isa = PBXFileReference; explicitFileType = undefined; fileEncoding = 9; includeInIndex = 0; lastKnownFileType = unknown; name = MaterialCommunityIcons.ttf; path = "../node_modules/react-native-vector-icons/Fonts/MaterialCommunityIcons.ttf"; sourceTree = "<group>"; };
		E4C89B7905FB4692A0AAF362 /* RNGoogleSignin.xcodeproj */ = {isa = PBXFileReference; explicitFileType = undefined; fileEncoding = 9; includeInIndex = 0; lastKnownFileType = "wrapper.pb-project"; name = RNGoogleSignin.xcodeproj; path = "../node_modules/react-native-google-signin/ios/RNGoogleSignin.xcodeproj"; sourceTree = "<group>"; };
		E70646CA5A6241BE881F8BB9 /* Foundation.ttf */ = {isa = PBXFileReference; explicitFileType = undefined; fileEncoding = 9; includeInIndex = 0; lastKnownFileType = unknown; name = Foundation.ttf; path = "../node_modules/native-base/Fonts/Foundation.ttf"; sourceTree = "<group>"; };
		EAFCF302F51C42D1979693C1 /* Feather.ttf */ = {isa = PBXFileReference; explicitFileType = undefined; fileEncoding = 9; includeInIndex = 0; lastKnownFileType = unknown; name = Feather.ttf; path = "../node_modules/react-native-vector-icons/Fonts/Feather.ttf"; sourceTree = "<group>"; };
/* End PBXFileReference section */

/* Begin PBXFrameworksBuildPhase section */
		00E356EB1AD99517003FC87E /* Frameworks */ = {
			isa = PBXFrameworksBuildPhase;
			buildActionMask = 2147483647;
			files = (
				140ED2AC1D01E1AD002B40FF /* libReact.a in Frameworks */,
			);
			runOnlyForDeploymentPostprocessing = 0;
		};
		13B07F8C1A680F5B00A75B9A /* Frameworks */ = {
			isa = PBXFrameworksBuildPhase;
			buildActionMask = 2147483647;
			files = (
				9A10DEFE1FB3BCC700F086E4 /* libRNGeocoder.a in Frameworks */,
				9A10DEF71FB3B90700F086E4 /* libRNImagePicker.a in Frameworks */,
				9A10DEDA1FB3B31F00F086E4 /* libAirMaps.a in Frameworks */,
				9A10DED31FB3B0F100F086E4 /* libRNFetchBlob.a in Frameworks */,
				9A200BA11FB3842300E3DCC8 /* libRCTFBLogin.a in Frameworks */,
				9A3B44481FB34B1A00517550 /* libRNTwitterSignIn.a in Frameworks */,
				9A10DE201FB396FD00F086E4 /* FBSDKLoginKit.framework in Frameworks */,
				9A3B443B1FB3463B00517550 /* TwitterCore.framework in Frameworks */,
				9A3B443C1FB3463B00517550 /* TwitterKit.framework in Frameworks */,
				9A10DE221FB396FD00F086E4 /* FBSDKCoreKit.framework in Frameworks */,
				9A10DE231FB396FD00F086E4 /* Bolts.framework in Frameworks */,
				9A24AA1C1FB2924F0064AAEE /* libRNFirebase.a in Frameworks */,
				5E9157361DD0AC6A00FF2AA8 /* libRCTAnimation.a in Frameworks */,
				146834051AC3E58100842450 /* libReact.a in Frameworks */,
				00C302E51ABCBA2D00DB3ED1 /* libRCTActionSheet.a in Frameworks */,
				00C302E71ABCBA2D00DB3ED1 /* libRCTGeolocation.a in Frameworks */,
				00C302E81ABCBA2D00DB3ED1 /* libRCTImage.a in Frameworks */,
				133E29F31AD74F7200F7D852 /* libRCTLinking.a in Frameworks */,
				9A10DE211FB396FD00F086E4 /* FBSDKShareKit.framework in Frameworks */,
				00C302E91ABCBA2D00DB3ED1 /* libRCTNetwork.a in Frameworks */,
				139105C61AF99C1200B5F7CC /* libRCTSettings.a in Frameworks */,
				832341BD1AAA6AB300B99B32 /* libRCTText.a in Frameworks */,
				00C302EA1ABCBA2D00DB3ED1 /* libRCTVibration.a in Frameworks */,
				139FDEF61B0652A700C62182 /* libRCTWebSocket.a in Frameworks */,
				DBF81B590C5D2D9BFCFF0BEB /* libPods-WIPReact.a in Frameworks */,
				0278F92B5F64476BA898647B /* libRNGoogleSignin.a in Frameworks */,
				8E2B8A499AB14804834738DE /* libz.tbd in Frameworks */,
				D6D8103B436F4D199EE08046 /* SafariServices.framework in Frameworks */,
				CEDC5E74F08C4B86A9BF9DC4 /* SystemConfiguration.framework in Frameworks */,
				F463BCFFD1604FCCB24289C0 /* AddressBook.framework in Frameworks */,
				733E3DE36A794C148D571053 /* libReactNativeNavigation.a in Frameworks */,
			);
			runOnlyForDeploymentPostprocessing = 0;
		};
/* End PBXFrameworksBuildPhase section */

/* Begin PBXGroup section */
		00C302A81ABCB8CE00DB3ED1 /* Products */ = {
			isa = PBXGroup;
			children = (
				00C302AC1ABCB8CE00DB3ED1 /* libRCTActionSheet.a */,
			);
			name = Products;
			sourceTree = "<group>";
		};
		00C302B61ABCB90400DB3ED1 /* Products */ = {
			isa = PBXGroup;
			children = (
				00C302BA1ABCB90400DB3ED1 /* libRCTGeolocation.a */,
			);
			name = Products;
			sourceTree = "<group>";
		};
		00C302BC1ABCB91800DB3ED1 /* Products */ = {
			isa = PBXGroup;
			children = (
				00C302C01ABCB91800DB3ED1 /* libRCTImage.a */,
				3DAD3E841DF850E9000B6D8A /* libRCTImage-tvOS.a */,
			);
			name = Products;
			sourceTree = "<group>";
		};
		00C302D41ABCB9D200DB3ED1 /* Products */ = {
			isa = PBXGroup;
			children = (
				00C302DC1ABCB9D200DB3ED1 /* libRCTNetwork.a */,
				3DAD3E8C1DF850E9000B6D8A /* libRCTNetwork-tvOS.a */,
			);
			name = Products;
			sourceTree = "<group>";
		};
		00C302E01ABCB9EE00DB3ED1 /* Products */ = {
			isa = PBXGroup;
			children = (
				00C302E41ABCB9EE00DB3ED1 /* libRCTVibration.a */,
			);
			name = Products;
			sourceTree = "<group>";
		};
		00E356EF1AD99517003FC87E /* WIPReactTests */ = {
			isa = PBXGroup;
			children = (
				00E356F21AD99517003FC87E /* WIPReactTests.m */,
				00E356F01AD99517003FC87E /* Supporting Files */,
			);
			path = WIPReactTests;
			sourceTree = "<group>";
		};
		00E356F01AD99517003FC87E /* Supporting Files */ = {
			isa = PBXGroup;
			children = (
				00E356F11AD99517003FC87E /* Info.plist */,
			);
			name = "Supporting Files";
			sourceTree = "<group>";
		};
		139105B71AF99BAD00B5F7CC /* Products */ = {
			isa = PBXGroup;
			children = (
				139105C11AF99BAD00B5F7CC /* libRCTSettings.a */,
				3DAD3E901DF850E9000B6D8A /* libRCTSettings-tvOS.a */,
			);
			name = Products;
			sourceTree = "<group>";
		};
		139FDEE71B06529A00C62182 /* Products */ = {
			isa = PBXGroup;
			children = (
				139FDEF41B06529B00C62182 /* libRCTWebSocket.a */,
				3DAD3E991DF850E9000B6D8A /* libRCTWebSocket-tvOS.a */,
				1C49FD821FB2896700A99352 /* libfishhook.a */,
				1C49FD841FB2896700A99352 /* libfishhook-tvOS.a */,
			);
			name = Products;
			sourceTree = "<group>";
		};
		13B07FAE1A68108700A75B9A /* WIPReact */ = {
			isa = PBXGroup;
			children = (
				008F07F21AC5B25A0029DE68 /* main.jsbundle */,
				9ADC2B0F1FB2C6C300724B94 /* AppDelegate.h */,
				9ADC2B101FB2C6C300724B94 /* AppDelegate.m */,
				9ADC2B111FB2C6C300724B94 /* Base.lproj */,
				9ADC2AE91FB2C6C300724B94 /* Images.xcassets */,
				9ADC2B0C1FB2C6C300724B94 /* Info.plist */,
				9ADC2B0D1FB2C6C300724B94 /* main.m */,
				9ADC2B0E1FB2C6C300724B94 /* WIPReact-Bridging-Header.h */,
			);
			path = WIPReact;
			sourceTree = "<group>";
		};
		146834001AC3E56700842450 /* Products */ = {
			isa = PBXGroup;
			children = (
				146834041AC3E56700842450 /* libReact.a */,
				3DAD3EA31DF850E9000B6D8A /* libReact.a */,
				3DAD3EA51DF850E9000B6D8A /* libyoga.a */,
				3DAD3EA71DF850E9000B6D8A /* libyoga.a */,
				3DAD3EA91DF850E9000B6D8A /* libcxxreact.a */,
				3DAD3EAB1DF850E9000B6D8A /* libcxxreact.a */,
				3DAD3EAD1DF850E9000B6D8A /* libjschelpers.a */,
				3DAD3EAF1DF850E9000B6D8A /* libjschelpers.a */,
				1C49FD941FB2896700A99352 /* libthird-party.a */,
				1C49FD961FB2896700A99352 /* libthird-party.a */,
				1C49FD981FB2896700A99352 /* libdouble-conversion.a */,
				1C49FD9A1FB2896700A99352 /* libdouble-conversion.a */,
				1C49FD9C1FB2896700A99352 /* libprivatedata.a */,
				1C49FD9E1FB2896700A99352 /* libprivatedata-tvOS.a */,
			);
			name = Products;
			sourceTree = "<group>";
		};
		241A016A34735D6236801DA8 /* Pods */ = {
			isa = PBXGroup;
			children = (
				BF71B4E5C2483E718AC4D192 /* Pods-WIPReact.debug.xcconfig */,
				9FDF05FCB6CE86DF4B79D6F8 /* Pods-WIPReact.release.xcconfig */,
			);
			name = Pods;
			sourceTree = "<group>";
		};
		5A1E151912A843158BD8B972 /* Resources */ = {
			isa = PBXGroup;
			children = (
				C852E8B184194568947ABE69 /* Entypo.ttf */,
				A7AA5DB34C6A4A51A21745C8 /* EvilIcons.ttf */,
				10F289F1542747BCB3738547 /* FontAwesome.ttf */,
				E70646CA5A6241BE881F8BB9 /* Foundation.ttf */,
				BAFE3D0963EB4397893833E6 /* Ionicons.ttf */,
				78E5D52A566B43B3A5E086ED /* MaterialIcons.ttf */,
				0DC426A925CC41F79C166727 /* Octicons.ttf */,
				257CD83327C9446D83F44FFD /* Roboto_medium.ttf */,
				4DCBF9D071654F76B1FFFF19 /* Roboto.ttf */,
				7C6D56405B6C42F783F76859 /* rubicon-icon-font.ttf */,
				2C999644E4614D9BBB8C90CE /* SimpleLineIcons.ttf */,
				41D33DF4367F43CD877E0988 /* Zocial.ttf */,
				EAFCF302F51C42D1979693C1 /* Feather.ttf */,
				E0C6C317F027475B897FC999 /* MaterialCommunityIcons.ttf */,
				AEF8EC9874C54C6D803B21F1 /* GothamBlack.ttf */,
				28AAC7B09A2D4C08AEE2F4ED /* GothamBold.otf */,
				98180DFE39B84F21BCBA22E0 /* GothamLight.ttf */,
				D4E28E3101374C8F9E221126 /* GothamMedium.ttf */,
				8725936B289B4574A0C59701 /* GothamThin.ttf */,
				5FDF83FA77F940549150235F /* GothamUltra.ttf */,
				9420F9991C234F988F22AE9E /* GothamXLight.ttf */,
			);
			name = Resources;
			sourceTree = "<group>";
		};
		5E91572E1DD0AC6500FF2AA8 /* Products */ = {
			isa = PBXGroup;
			children = (
				5E9157331DD0AC6500FF2AA8 /* libRCTAnimation.a */,
				5E9157351DD0AC6500FF2AA8 /* libRCTAnimation.a */,
			);
			name = Products;
			sourceTree = "<group>";
		};
		78C398B11ACF4ADC00677621 /* Products */ = {
			isa = PBXGroup;
			children = (
				78C398B91ACF4ADC00677621 /* libRCTLinking.a */,
				3DAD3E881DF850E9000B6D8A /* libRCTLinking-tvOS.a */,
			);
			name = Products;
			sourceTree = "<group>";
		};
		832341AE1AAA6A7D00B99B32 /* Libraries */ = {
			isa = PBXGroup;
			children = (
				9A10DEF81FB3BCBB00F086E4 /* RNGeocoder.xcodeproj */,
				9A10DEF11FB3B8C200F086E4 /* RNImagePicker.xcodeproj */,
				9A10DED41FB3B31300F086E4 /* AirMaps.xcodeproj */,
				9A10DEA71FB3B0DE00F086E4 /* RNFetchBlob.xcodeproj */,
				9A200B781FB383DD00E3DCC8 /* RCTFBLogin.xcodeproj */,
				9A3B44411FB34AFB00517550 /* RNTwitterSignIn.xcodeproj */,
				9A24AA161FB292380064AAEE /* RNFirebase.xcodeproj */,
				5E91572D1DD0AC6500FF2AA8 /* RCTAnimation.xcodeproj */,
				146833FF1AC3E56700842450 /* React.xcodeproj */,
				00C302A71ABCB8CE00DB3ED1 /* RCTActionSheet.xcodeproj */,
				00C302B51ABCB90400DB3ED1 /* RCTGeolocation.xcodeproj */,
				00C302BB1ABCB91800DB3ED1 /* RCTImage.xcodeproj */,
				78C398B01ACF4ADC00677621 /* RCTLinking.xcodeproj */,
				00C302D31ABCB9D200DB3ED1 /* RCTNetwork.xcodeproj */,
				139105B61AF99BAD00B5F7CC /* RCTSettings.xcodeproj */,
				832341B01AAA6A8300B99B32 /* RCTText.xcodeproj */,
				00C302DF1ABCB9EE00DB3ED1 /* RCTVibration.xcodeproj */,
				139FDEE61B06529A00C62182 /* RCTWebSocket.xcodeproj */,
				E4C89B7905FB4692A0AAF362 /* RNGoogleSignin.xcodeproj */,
				B983E7BA34CE466695158FE7 /* ReactNativeNavigation.xcodeproj */,
			);
			name = Libraries;
			sourceTree = "<group>";
		};
		832341B11AAA6A8300B99B32 /* Products */ = {
			isa = PBXGroup;
			children = (
				832341B51AAA6A8300B99B32 /* libRCTText.a */,
				3DAD3E941DF850E9000B6D8A /* libRCTText-tvOS.a */,
			);
			name = Products;
			sourceTree = "<group>";
		};
		83CBB9F61A601CBA00E9B192 = {
			isa = PBXGroup;
			children = (
				9A3B443E1FB3464E00517550 /* TwitterKitResources.bundle */,
				9A3B443D1FB3464E00517550 /* TwitterShareExtensionUIResources.bundle */,
				9A24AA1D1FB2A3430064AAEE /* GoogleService-Info.plist */,
				AC7561C01F29D6A3009FCD09 /* RNGoogleSignIn */,
				13B07FAE1A68108700A75B9A /* WIPReact */,
				832341AE1AAA6A7D00B99B32 /* Libraries */,
				00E356EF1AD99517003FC87E /* WIPReactTests */,
				241A016A34735D6236801DA8 /* Pods */,
				F5E41128568A22C312DD6F93 /* Frameworks */,
				9AD2C5771FB2D4710054EEFE /* WIPReactTests.xctest */,
				9AD2C6051FB2E6260054EEFE /* WIPReact.app */,
				5A1E151912A843158BD8B972 /* Resources */,
				9A10DE341FB39D7600F086E4 /* Recovered References */,
			);
			indentWidth = 2;
			sourceTree = "<group>";
			tabWidth = 2;
		};
		9A10DE341FB39D7600F086E4 /* Recovered References */ = {
			isa = PBXGroup;
			children = (
				921AB04E06AB41E99FA5A6D9 /* libRNGoogleSignin.a */,
				A8E9123875414746963A6622 /* libReactNativeNavigation.a */,
			);
			name = "Recovered References";
			sourceTree = "<group>";
		};
		9A10DE591FB39D7700F086E4 /* Products */ = {
			isa = PBXGroup;
			children = (
				9A10DE621FB39D7700F086E4 /* libRNGoogleSignin.a */,
			);
			name = Products;
			sourceTree = "<group>";
		};
		9A10DE5B1FB39D7700F086E4 /* Products */ = {
			isa = PBXGroup;
			children = (
				9A10DE5F1FB39D7700F086E4 /* libReactNativeNavigation.a */,
			);
			name = Products;
			sourceTree = "<group>";
		};
		9A10DEA81FB3B0DE00F086E4 /* Products */ = {
			isa = PBXGroup;
			children = (
				9A10DECF1FB3B0DE00F086E4 /* libRNFetchBlob.a */,
			);
			name = Products;
			sourceTree = "<group>";
		};
		9A10DED51FB3B31300F086E4 /* Products */ = {
			isa = PBXGroup;
			children = (
				9A10DED91FB3B31400F086E4 /* libAirMaps.a */,
			);
			name = Products;
			sourceTree = "<group>";
		};
		9A10DEF21FB3B8C200F086E4 /* Products */ = {
			isa = PBXGroup;
			children = (
				9A10DEF61FB3B8C200F086E4 /* libRNImagePicker.a */,
			);
			name = Products;
			sourceTree = "<group>";
		};
		9A10DEF91FB3BCBB00F086E4 /* Products */ = {
			isa = PBXGroup;
			children = (
				9A10DEFD1FB3BCBB00F086E4 /* libRNGeocoder.a */,
			);
			name = Products;
			sourceTree = "<group>";
		};
		9A200B791FB383DD00E3DCC8 /* Products */ = {
			isa = PBXGroup;
			children = (
				9A200B801FB383DD00E3DCC8 /* libRCTFBLogin.a */,
			);
			name = Products;
			sourceTree = "<group>";
		};
		9A24AA171FB292380064AAEE /* Products */ = {
			isa = PBXGroup;
			children = (
				9A24AA1B1FB292380064AAEE /* libRNFirebase.a */,
			);
			name = Products;
			sourceTree = "<group>";
		};
		9A3B44421FB34AFB00517550 /* Products */ = {
			isa = PBXGroup;
			children = (
				9A3B44471FB34AFB00517550 /* libRNTwitterSignIn.a */,
			);
			name = Products;
			sourceTree = "<group>";
		};
		AC7561C01F29D6A3009FCD09 /* RNGoogleSignIn */ = {
			isa = PBXGroup;
			children = (
				AC7561C11F29D6A3009FCD09 /* RNGoogleSignIn-Bridging-Header.h */,
				AC7561C21F29D6A3009FCD09 /* RNGoogleSignIn.swift */,
				AC7561C31F29D6A3009FCD09 /* RNGoogleSignInBridge.m */,
				AC7561C41F29D6A3009FCD09 /* RNGoogleSignInEvents.swift */,
				AC7561C51F29D6A3009FCD09 /* RNGoogleSignInEventsBridge.m */,
			);
			name = RNGoogleSignIn;
			path = "../node_modules/react-native-google-sign-in/ios/RNGoogleSignIn";
			sourceTree = "<group>";
		};
		F5E41128568A22C312DD6F93 /* Frameworks */ = {
			isa = PBXGroup;
			children = (
				9A10DE1F1FB396FD00F086E4 /* Bolts.framework */,
				9A10DE1E1FB396FC00F086E4 /* FBSDKCoreKit.framework */,
				9A10DE1C1FB396FC00F086E4 /* FBSDKLoginKit.framework */,
				9A10DE1D1FB396FC00F086E4 /* FBSDKShareKit.framework */,
				9A3B44171FB3463B00517550 /* TwitterCore.framework */,
				9A3B443A1FB3463B00517550 /* TwitterKit.framework */,
				D6B059A3E841ABE088F3F977 /* libPods-WIPReact.a */,
				7BB12C152A904D4AA7516BB3 /* libz.tbd */,
				C1C9307CC94746F0B8C5E5BA /* SafariServices.framework */,
				876A68A82BDC4640B726E4F1 /* SystemConfiguration.framework */,
				A56B8C89B9FF46C88DFF96C8 /* AddressBook.framework */,
			);
			name = Frameworks;
			sourceTree = "<group>";
		};
/* End PBXGroup section */

/* Begin PBXNativeTarget section */
		00E356ED1AD99517003FC87E /* WIPReactTests */ = {
			isa = PBXNativeTarget;
			buildConfigurationList = 00E357021AD99517003FC87E /* Build configuration list for PBXNativeTarget "WIPReactTests" */;
			buildPhases = (
				00E356EA1AD99517003FC87E /* Sources */,
				00E356EB1AD99517003FC87E /* Frameworks */,
				00E356EC1AD99517003FC87E /* Resources */,
			);
			buildRules = (
			);
			dependencies = (
				00E356F51AD99517003FC87E /* PBXTargetDependency */,
			);
			name = WIPReactTests;
			productName = ExampleAppTests;
			productReference = 9AD2C5771FB2D4710054EEFE /* WIPReactTests.xctest */;
			productType = "com.apple.product-type.bundle.unit-test";
		};
		13B07F861A680F5B00A75B9A /* WIPReact */ = {
			isa = PBXNativeTarget;
			buildConfigurationList = 13B07F931A680F5B00A75B9A /* Build configuration list for PBXNativeTarget "WIPReact" */;
			buildPhases = (
				F08840D5904E0AC7BDC43961 /* [CP] Check Pods Manifest.lock */,
				13B07F871A680F5B00A75B9A /* Sources */,
				13B07F8C1A680F5B00A75B9A /* Frameworks */,
				13B07F8E1A680F5B00A75B9A /* Resources */,
				00DD1BFF1BD5951E006B06BC /* Bundle React Native code and images */,
				896A61939E8F8F3DC082FCF3 /* [CP] Embed Pods Frameworks */,
				11013625C8AFA15391D90703 /* [CP] Copy Pods Resources */,
			);
			buildRules = (
			);
			dependencies = (
			);
			name = WIPReact;
			productName = "Hello World";
			productReference = 9AD2C6051FB2E6260054EEFE /* WIPReact.app */;
			productType = "com.apple.product-type.application";
		};
/* End PBXNativeTarget section */

/* Begin PBXProject section */
		83CBB9F71A601CBA00E9B192 /* Project object */ = {
			isa = PBXProject;
			attributes = {
				LastUpgradeCheck = 610;
				ORGANIZATIONNAME = Facebook;
				TargetAttributes = {
					00E356ED1AD99517003FC87E = {
						CreatedOnToolsVersion = 6.2;
						DevelopmentTeam = J623D3MCYC;
						TestTargetID = 13B07F861A680F5B00A75B9A;
					};
					13B07F861A680F5B00A75B9A = {
						ProvisioningStyle = Manual;
					};
				};
			};
			buildConfigurationList = 83CBB9FA1A601CBA00E9B192 /* Build configuration list for PBXProject "WIPReact" */;
			compatibilityVersion = "Xcode 3.2";
			developmentRegion = English;
			hasScannedForEncodings = 0;
			knownRegions = (
				en,
				Base,
			);
			mainGroup = 83CBB9F61A601CBA00E9B192;
			productRefGroup = 83CBB9F61A601CBA00E9B192;
			projectDirPath = "";
			projectReferences = (
				{
					ProductGroup = 9A10DED51FB3B31300F086E4 /* Products */;
					ProjectRef = 9A10DED41FB3B31300F086E4 /* AirMaps.xcodeproj */;
				},
				{
					ProductGroup = 00C302A81ABCB8CE00DB3ED1 /* Products */;
					ProjectRef = 00C302A71ABCB8CE00DB3ED1 /* RCTActionSheet.xcodeproj */;
				},
				{
					ProductGroup = 5E91572E1DD0AC6500FF2AA8 /* Products */;
					ProjectRef = 5E91572D1DD0AC6500FF2AA8 /* RCTAnimation.xcodeproj */;
				},
				{
					ProductGroup = 9A200B791FB383DD00E3DCC8 /* Products */;
					ProjectRef = 9A200B781FB383DD00E3DCC8 /* RCTFBLogin.xcodeproj */;
				},
				{
					ProductGroup = 00C302B61ABCB90400DB3ED1 /* Products */;
					ProjectRef = 00C302B51ABCB90400DB3ED1 /* RCTGeolocation.xcodeproj */;
				},
				{
					ProductGroup = 00C302BC1ABCB91800DB3ED1 /* Products */;
					ProjectRef = 00C302BB1ABCB91800DB3ED1 /* RCTImage.xcodeproj */;
				},
				{
					ProductGroup = 78C398B11ACF4ADC00677621 /* Products */;
					ProjectRef = 78C398B01ACF4ADC00677621 /* RCTLinking.xcodeproj */;
				},
				{
					ProductGroup = 00C302D41ABCB9D200DB3ED1 /* Products */;
					ProjectRef = 00C302D31ABCB9D200DB3ED1 /* RCTNetwork.xcodeproj */;
				},
				{
					ProductGroup = 139105B71AF99BAD00B5F7CC /* Products */;
					ProjectRef = 139105B61AF99BAD00B5F7CC /* RCTSettings.xcodeproj */;
				},
				{
					ProductGroup = 832341B11AAA6A8300B99B32 /* Products */;
					ProjectRef = 832341B01AAA6A8300B99B32 /* RCTText.xcodeproj */;
				},
				{
					ProductGroup = 00C302E01ABCB9EE00DB3ED1 /* Products */;
					ProjectRef = 00C302DF1ABCB9EE00DB3ED1 /* RCTVibration.xcodeproj */;
				},
				{
					ProductGroup = 139FDEE71B06529A00C62182 /* Products */;
					ProjectRef = 139FDEE61B06529A00C62182 /* RCTWebSocket.xcodeproj */;
				},
				{
					ProductGroup = 146834001AC3E56700842450 /* Products */;
					ProjectRef = 146833FF1AC3E56700842450 /* React.xcodeproj */;
				},
				{
					ProductGroup = 9A10DE5B1FB39D7700F086E4 /* Products */;
					ProjectRef = B983E7BA34CE466695158FE7 /* ReactNativeNavigation.xcodeproj */;
				},
				{
					ProductGroup = 9A10DEA81FB3B0DE00F086E4 /* Products */;
					ProjectRef = 9A10DEA71FB3B0DE00F086E4 /* RNFetchBlob.xcodeproj */;
				},
				{
					ProductGroup = 9A24AA171FB292380064AAEE /* Products */;
					ProjectRef = 9A24AA161FB292380064AAEE /* RNFirebase.xcodeproj */;
				},
				{
					ProductGroup = 9A10DEF91FB3BCBB00F086E4 /* Products */;
					ProjectRef = 9A10DEF81FB3BCBB00F086E4 /* RNGeocoder.xcodeproj */;
				},
				{
					ProductGroup = 9A10DE591FB39D7700F086E4 /* Products */;
					ProjectRef = E4C89B7905FB4692A0AAF362 /* RNGoogleSignin.xcodeproj */;
				},
				{
					ProductGroup = 9A10DEF21FB3B8C200F086E4 /* Products */;
					ProjectRef = 9A10DEF11FB3B8C200F086E4 /* RNImagePicker.xcodeproj */;
				},
				{
					ProductGroup = 9A3B44421FB34AFB00517550 /* Products */;
					ProjectRef = 9A3B44411FB34AFB00517550 /* RNTwitterSignIn.xcodeproj */;
				},
			);
			projectRoot = "";
			targets = (
				13B07F861A680F5B00A75B9A /* WIPReact */,
				00E356ED1AD99517003FC87E /* WIPReactTests */,
			);
		};
/* End PBXProject section */

/* Begin PBXReferenceProxy section */
		00C302AC1ABCB8CE00DB3ED1 /* libRCTActionSheet.a */ = {
			isa = PBXReferenceProxy;
			fileType = archive.ar;
			path = libRCTActionSheet.a;
			remoteRef = 00C302AB1ABCB8CE00DB3ED1 /* PBXContainerItemProxy */;
			sourceTree = BUILT_PRODUCTS_DIR;
		};
		00C302BA1ABCB90400DB3ED1 /* libRCTGeolocation.a */ = {
			isa = PBXReferenceProxy;
			fileType = archive.ar;
			path = libRCTGeolocation.a;
			remoteRef = 00C302B91ABCB90400DB3ED1 /* PBXContainerItemProxy */;
			sourceTree = BUILT_PRODUCTS_DIR;
		};
		00C302C01ABCB91800DB3ED1 /* libRCTImage.a */ = {
			isa = PBXReferenceProxy;
			fileType = archive.ar;
			path = libRCTImage.a;
			remoteRef = 00C302BF1ABCB91800DB3ED1 /* PBXContainerItemProxy */;
			sourceTree = BUILT_PRODUCTS_DIR;
		};
		00C302DC1ABCB9D200DB3ED1 /* libRCTNetwork.a */ = {
			isa = PBXReferenceProxy;
			fileType = archive.ar;
			path = libRCTNetwork.a;
			remoteRef = 00C302DB1ABCB9D200DB3ED1 /* PBXContainerItemProxy */;
			sourceTree = BUILT_PRODUCTS_DIR;
		};
		00C302E41ABCB9EE00DB3ED1 /* libRCTVibration.a */ = {
			isa = PBXReferenceProxy;
			fileType = archive.ar;
			path = libRCTVibration.a;
			remoteRef = 00C302E31ABCB9EE00DB3ED1 /* PBXContainerItemProxy */;
			sourceTree = BUILT_PRODUCTS_DIR;
		};
		139105C11AF99BAD00B5F7CC /* libRCTSettings.a */ = {
			isa = PBXReferenceProxy;
			fileType = archive.ar;
			path = libRCTSettings.a;
			remoteRef = 139105C01AF99BAD00B5F7CC /* PBXContainerItemProxy */;
			sourceTree = BUILT_PRODUCTS_DIR;
		};
		139FDEF41B06529B00C62182 /* libRCTWebSocket.a */ = {
			isa = PBXReferenceProxy;
			fileType = archive.ar;
			path = libRCTWebSocket.a;
			remoteRef = 139FDEF31B06529B00C62182 /* PBXContainerItemProxy */;
			sourceTree = BUILT_PRODUCTS_DIR;
		};
		146834041AC3E56700842450 /* libReact.a */ = {
			isa = PBXReferenceProxy;
			fileType = archive.ar;
			path = libReact.a;
			remoteRef = 146834031AC3E56700842450 /* PBXContainerItemProxy */;
			sourceTree = BUILT_PRODUCTS_DIR;
		};
		1C49FD821FB2896700A99352 /* libfishhook.a */ = {
			isa = PBXReferenceProxy;
			fileType = archive.ar;
			path = libfishhook.a;
			remoteRef = 1C49FD811FB2896700A99352 /* PBXContainerItemProxy */;
			sourceTree = BUILT_PRODUCTS_DIR;
		};
		1C49FD841FB2896700A99352 /* libfishhook-tvOS.a */ = {
			isa = PBXReferenceProxy;
			fileType = archive.ar;
			path = "libfishhook-tvOS.a";
			remoteRef = 1C49FD831FB2896700A99352 /* PBXContainerItemProxy */;
			sourceTree = BUILT_PRODUCTS_DIR;
		};
		1C49FD941FB2896700A99352 /* libthird-party.a */ = {
			isa = PBXReferenceProxy;
			fileType = archive.ar;
			path = "libthird-party.a";
			remoteRef = 1C49FD931FB2896700A99352 /* PBXContainerItemProxy */;
			sourceTree = BUILT_PRODUCTS_DIR;
		};
		1C49FD961FB2896700A99352 /* libthird-party.a */ = {
			isa = PBXReferenceProxy;
			fileType = archive.ar;
			path = "libthird-party.a";
			remoteRef = 1C49FD951FB2896700A99352 /* PBXContainerItemProxy */;
			sourceTree = BUILT_PRODUCTS_DIR;
		};
		1C49FD981FB2896700A99352 /* libdouble-conversion.a */ = {
			isa = PBXReferenceProxy;
			fileType = archive.ar;
			path = "libdouble-conversion.a";
			remoteRef = 1C49FD971FB2896700A99352 /* PBXContainerItemProxy */;
			sourceTree = BUILT_PRODUCTS_DIR;
		};
		1C49FD9A1FB2896700A99352 /* libdouble-conversion.a */ = {
			isa = PBXReferenceProxy;
			fileType = archive.ar;
			path = "libdouble-conversion.a";
			remoteRef = 1C49FD991FB2896700A99352 /* PBXContainerItemProxy */;
			sourceTree = BUILT_PRODUCTS_DIR;
		};
		1C49FD9C1FB2896700A99352 /* libprivatedata.a */ = {
			isa = PBXReferenceProxy;
			fileType = archive.ar;
			path = libprivatedata.a;
			remoteRef = 1C49FD9B1FB2896700A99352 /* PBXContainerItemProxy */;
			sourceTree = BUILT_PRODUCTS_DIR;
		};
		1C49FD9E1FB2896700A99352 /* libprivatedata-tvOS.a */ = {
			isa = PBXReferenceProxy;
			fileType = archive.ar;
			path = "libprivatedata-tvOS.a";
			remoteRef = 1C49FD9D1FB2896700A99352 /* PBXContainerItemProxy */;
			sourceTree = BUILT_PRODUCTS_DIR;
		};
		3DAD3E841DF850E9000B6D8A /* libRCTImage-tvOS.a */ = {
			isa = PBXReferenceProxy;
			fileType = archive.ar;
			path = "libRCTImage-tvOS.a";
			remoteRef = 3DAD3E831DF850E9000B6D8A /* PBXContainerItemProxy */;
			sourceTree = BUILT_PRODUCTS_DIR;
		};
		3DAD3E881DF850E9000B6D8A /* libRCTLinking-tvOS.a */ = {
			isa = PBXReferenceProxy;
			fileType = archive.ar;
			path = "libRCTLinking-tvOS.a";
			remoteRef = 3DAD3E871DF850E9000B6D8A /* PBXContainerItemProxy */;
			sourceTree = BUILT_PRODUCTS_DIR;
		};
		3DAD3E8C1DF850E9000B6D8A /* libRCTNetwork-tvOS.a */ = {
			isa = PBXReferenceProxy;
			fileType = archive.ar;
			path = "libRCTNetwork-tvOS.a";
			remoteRef = 3DAD3E8B1DF850E9000B6D8A /* PBXContainerItemProxy */;
			sourceTree = BUILT_PRODUCTS_DIR;
		};
		3DAD3E901DF850E9000B6D8A /* libRCTSettings-tvOS.a */ = {
			isa = PBXReferenceProxy;
			fileType = archive.ar;
			path = "libRCTSettings-tvOS.a";
			remoteRef = 3DAD3E8F1DF850E9000B6D8A /* PBXContainerItemProxy */;
			sourceTree = BUILT_PRODUCTS_DIR;
		};
		3DAD3E941DF850E9000B6D8A /* libRCTText-tvOS.a */ = {
			isa = PBXReferenceProxy;
			fileType = archive.ar;
			path = "libRCTText-tvOS.a";
			remoteRef = 3DAD3E931DF850E9000B6D8A /* PBXContainerItemProxy */;
			sourceTree = BUILT_PRODUCTS_DIR;
		};
		3DAD3E991DF850E9000B6D8A /* libRCTWebSocket-tvOS.a */ = {
			isa = PBXReferenceProxy;
			fileType = archive.ar;
			path = "libRCTWebSocket-tvOS.a";
			remoteRef = 3DAD3E981DF850E9000B6D8A /* PBXContainerItemProxy */;
			sourceTree = BUILT_PRODUCTS_DIR;
		};
		3DAD3EA31DF850E9000B6D8A /* libReact.a */ = {
			isa = PBXReferenceProxy;
			fileType = archive.ar;
			path = libReact.a;
			remoteRef = 3DAD3EA21DF850E9000B6D8A /* PBXContainerItemProxy */;
			sourceTree = BUILT_PRODUCTS_DIR;
		};
		3DAD3EA51DF850E9000B6D8A /* libyoga.a */ = {
			isa = PBXReferenceProxy;
			fileType = archive.ar;
			path = libyoga.a;
			remoteRef = 3DAD3EA41DF850E9000B6D8A /* PBXContainerItemProxy */;
			sourceTree = BUILT_PRODUCTS_DIR;
		};
		3DAD3EA71DF850E9000B6D8A /* libyoga.a */ = {
			isa = PBXReferenceProxy;
			fileType = archive.ar;
			path = libyoga.a;
			remoteRef = 3DAD3EA61DF850E9000B6D8A /* PBXContainerItemProxy */;
			sourceTree = BUILT_PRODUCTS_DIR;
		};
		3DAD3EA91DF850E9000B6D8A /* libcxxreact.a */ = {
			isa = PBXReferenceProxy;
			fileType = archive.ar;
			path = libcxxreact.a;
			remoteRef = 3DAD3EA81DF850E9000B6D8A /* PBXContainerItemProxy */;
			sourceTree = BUILT_PRODUCTS_DIR;
		};
		3DAD3EAB1DF850E9000B6D8A /* libcxxreact.a */ = {
			isa = PBXReferenceProxy;
			fileType = archive.ar;
			path = libcxxreact.a;
			remoteRef = 3DAD3EAA1DF850E9000B6D8A /* PBXContainerItemProxy */;
			sourceTree = BUILT_PRODUCTS_DIR;
		};
		3DAD3EAD1DF850E9000B6D8A /* libjschelpers.a */ = {
			isa = PBXReferenceProxy;
			fileType = archive.ar;
			path = libjschelpers.a;
			remoteRef = 3DAD3EAC1DF850E9000B6D8A /* PBXContainerItemProxy */;
			sourceTree = BUILT_PRODUCTS_DIR;
		};
		3DAD3EAF1DF850E9000B6D8A /* libjschelpers.a */ = {
			isa = PBXReferenceProxy;
			fileType = archive.ar;
			path = libjschelpers.a;
			remoteRef = 3DAD3EAE1DF850E9000B6D8A /* PBXContainerItemProxy */;
			sourceTree = BUILT_PRODUCTS_DIR;
		};
		5E9157331DD0AC6500FF2AA8 /* libRCTAnimation.a */ = {
			isa = PBXReferenceProxy;
			fileType = archive.ar;
			path = libRCTAnimation.a;
			remoteRef = 5E9157321DD0AC6500FF2AA8 /* PBXContainerItemProxy */;
			sourceTree = BUILT_PRODUCTS_DIR;
		};
		5E9157351DD0AC6500FF2AA8 /* libRCTAnimation.a */ = {
			isa = PBXReferenceProxy;
			fileType = archive.ar;
			path = libRCTAnimation.a;
			remoteRef = 5E9157341DD0AC6500FF2AA8 /* PBXContainerItemProxy */;
			sourceTree = BUILT_PRODUCTS_DIR;
		};
		78C398B91ACF4ADC00677621 /* libRCTLinking.a */ = {
			isa = PBXReferenceProxy;
			fileType = archive.ar;
			path = libRCTLinking.a;
			remoteRef = 78C398B81ACF4ADC00677621 /* PBXContainerItemProxy */;
			sourceTree = BUILT_PRODUCTS_DIR;
		};
		832341B51AAA6A8300B99B32 /* libRCTText.a */ = {
			isa = PBXReferenceProxy;
			fileType = archive.ar;
			path = libRCTText.a;
			remoteRef = 832341B41AAA6A8300B99B32 /* PBXContainerItemProxy */;
			sourceTree = BUILT_PRODUCTS_DIR;
		};
		9A10DE5F1FB39D7700F086E4 /* libReactNativeNavigation.a */ = {
			isa = PBXReferenceProxy;
			fileType = archive.ar;
			path = libReactNativeNavigation.a;
			remoteRef = 9A10DE5E1FB39D7700F086E4 /* PBXContainerItemProxy */;
			sourceTree = BUILT_PRODUCTS_DIR;
		};
		9A10DE621FB39D7700F086E4 /* libRNGoogleSignin.a */ = {
			isa = PBXReferenceProxy;
			fileType = archive.ar;
			path = libRNGoogleSignin.a;
			remoteRef = 9A10DE611FB39D7700F086E4 /* PBXContainerItemProxy */;
			sourceTree = BUILT_PRODUCTS_DIR;
		};
		9A10DECF1FB3B0DE00F086E4 /* libRNFetchBlob.a */ = {
			isa = PBXReferenceProxy;
			fileType = archive.ar;
			path = libRNFetchBlob.a;
			remoteRef = 9A10DECE1FB3B0DE00F086E4 /* PBXContainerItemProxy */;
			sourceTree = BUILT_PRODUCTS_DIR;
		};
		9A10DED91FB3B31400F086E4 /* libAirMaps.a */ = {
			isa = PBXReferenceProxy;
			fileType = archive.ar;
			path = libAirMaps.a;
			remoteRef = 9A10DED81FB3B31400F086E4 /* PBXContainerItemProxy */;
			sourceTree = BUILT_PRODUCTS_DIR;
		};
		9A10DEF61FB3B8C200F086E4 /* libRNImagePicker.a */ = {
			isa = PBXReferenceProxy;
			fileType = archive.ar;
			path = libRNImagePicker.a;
			remoteRef = 9A10DEF51FB3B8C200F086E4 /* PBXContainerItemProxy */;
			sourceTree = BUILT_PRODUCTS_DIR;
		};
		9A10DEFD1FB3BCBB00F086E4 /* libRNGeocoder.a */ = {
			isa = PBXReferenceProxy;
			fileType = archive.ar;
			path = libRNGeocoder.a;
			remoteRef = 9A10DEFC1FB3BCBB00F086E4 /* PBXContainerItemProxy */;
			sourceTree = BUILT_PRODUCTS_DIR;
		};
		9A200B801FB383DD00E3DCC8 /* libRCTFBLogin.a */ = {
			isa = PBXReferenceProxy;
			fileType = archive.ar;
			path = libRCTFBLogin.a;
			remoteRef = 9A200B7F1FB383DD00E3DCC8 /* PBXContainerItemProxy */;
			sourceTree = BUILT_PRODUCTS_DIR;
		};
		9A24AA1B1FB292380064AAEE /* libRNFirebase.a */ = {
			isa = PBXReferenceProxy;
			fileType = archive.ar;
			path = libRNFirebase.a;
			remoteRef = 9A24AA1A1FB292380064AAEE /* PBXContainerItemProxy */;
			sourceTree = BUILT_PRODUCTS_DIR;
		};
		9A3B44471FB34AFB00517550 /* libRNTwitterSignIn.a */ = {
			isa = PBXReferenceProxy;
			fileType = archive.ar;
			path = libRNTwitterSignIn.a;
			remoteRef = 9A3B44461FB34AFB00517550 /* PBXContainerItemProxy */;
			sourceTree = BUILT_PRODUCTS_DIR;
		};
/* End PBXReferenceProxy section */

/* Begin PBXResourcesBuildPhase section */
		00E356EC1AD99517003FC87E /* Resources */ = {
			isa = PBXResourcesBuildPhase;
			buildActionMask = 2147483647;
			files = (
			);
			runOnlyForDeploymentPostprocessing = 0;
		};
		13B07F8E1A680F5B00A75B9A /* Resources */ = {
			isa = PBXResourcesBuildPhase;
			buildActionMask = 2147483647;
			files = (
				9A3B443F1FB3464F00517550 /* TwitterShareExtensionUIResources.bundle in Resources */,
				9A3B44401FB3464F00517550 /* TwitterKitResources.bundle in Resources */,
				9ADC2B121FB2C6C400724B94 /* Images.xcassets in Resources */,
				9ADC2B131FB2C6C400724B94 /* Info.plist in Resources */,
				9ADC2B161FB2C6C400724B94 /* Base.lproj in Resources */,
				9A24AA1E1FB2A3430064AAEE /* GoogleService-Info.plist in Resources */,
				C587731F1ABA46368CD7A979 /* Entypo.ttf in Resources */,
				67037DDB18994ABD8FA3F4BD /* EvilIcons.ttf in Resources */,
				BC08F15E2F1C4E2BBEE214EB /* FontAwesome.ttf in Resources */,
				F406A859A12C4011A769B783 /* Foundation.ttf in Resources */,
				7C1107A44FE04AA4BFB3497B /* Ionicons.ttf in Resources */,
				E816D5AA10F34D8F8BC066B3 /* MaterialIcons.ttf in Resources */,
				9B921D4D6CB34EA4BED05414 /* Octicons.ttf in Resources */,
				0EB07512111B4FB48C1E8DB5 /* Roboto_medium.ttf in Resources */,
				C642CAD67B6D43A997491B25 /* Roboto.ttf in Resources */,
				40B91B274B544A179BFD6A8E /* rubicon-icon-font.ttf in Resources */,
				D9101CF0F36E4110B2A42F02 /* SimpleLineIcons.ttf in Resources */,
				09976F96EECD44418A382711 /* Zocial.ttf in Resources */,
				71E299CFB132401594E86C9B /* Feather.ttf in Resources */,
				D4613A9A316C444C80A26F8C /* MaterialCommunityIcons.ttf in Resources */,
				7A12DE683E844176BB294A7F /* GothamBlack.ttf in Resources */,
				D372370B3D5B45B2BD88E2C9 /* GothamBold.otf in Resources */,
				666322A62981477C928A6F09 /* GothamLight.ttf in Resources */,
				4A3FDAC88AAD4EF18900CF26 /* GothamMedium.ttf in Resources */,
				0AE5DB066C2646FC8F9624DB /* GothamThin.ttf in Resources */,
				72BD3FEAC34E46448DE31E2E /* GothamUltra.ttf in Resources */,
				7E80239DD250446B80C97256 /* GothamXLight.ttf in Resources */,
			);
			runOnlyForDeploymentPostprocessing = 0;
		};
/* End PBXResourcesBuildPhase section */

/* Begin PBXShellScriptBuildPhase section */
		00DD1BFF1BD5951E006B06BC /* Bundle React Native code and images */ = {
			isa = PBXShellScriptBuildPhase;
			buildActionMask = 2147483647;
			files = (
			);
			inputPaths = (
			);
			name = "Bundle React Native code and images";
			outputPaths = (
			);
			runOnlyForDeploymentPostprocessing = 0;
			shellPath = /bin/sh;
			shellScript = "export NODE_BINARY=node\n../node_modules/react-native/scripts/react-native-xcode.sh";
		};
		11013625C8AFA15391D90703 /* [CP] Copy Pods Resources */ = {
			isa = PBXShellScriptBuildPhase;
			buildActionMask = 2147483647;
			files = (
			);
			inputPaths = (
				"${SRCROOT}/Pods/Target Support Files/Pods-WIPReact/Pods-WIPReact-resources.sh",
				"${PODS_ROOT}/GoogleAuthUtilities/Frameworks/frameworks/GoogleAuthUtilities.framework/Resources/GTMOAuth2ViewTouch.xib",
				"${PODS_ROOT}/GoogleSignIn/Resources/GoogleSignIn.bundle",
				"${PODS_ROOT}/TwitterKit/iOS/TwitterKit.framework/TwitterKitResources.bundle",
				"${PODS_ROOT}/TwitterKit/iOS/TwitterKit.framework/TwitterShareExtensionUIResources.bundle",
				$PODS_CONFIGURATION_BUILD_DIR/gRPC/gRPCCertificates.bundle,
			);
			name = "[CP] Copy Pods Resources";
			outputPaths = (
				"${TARGET_BUILD_DIR}/${UNLOCALIZED_RESOURCES_FOLDER_PATH}",
			);
			runOnlyForDeploymentPostprocessing = 0;
			shellPath = /bin/sh;
			shellScript = "\"${SRCROOT}/Pods/Target Support Files/Pods-WIPReact/Pods-WIPReact-resources.sh\"\n";
			showEnvVarsInLog = 0;
		};
		896A61939E8F8F3DC082FCF3 /* [CP] Embed Pods Frameworks */ = {
			isa = PBXShellScriptBuildPhase;
			buildActionMask = 2147483647;
			files = (
			);
			inputPaths = (
			);
			name = "[CP] Embed Pods Frameworks";
			outputPaths = (
			);
			runOnlyForDeploymentPostprocessing = 0;
			shellPath = /bin/sh;
			shellScript = "\"${SRCROOT}/Pods/Target Support Files/Pods-WIPReact/Pods-WIPReact-frameworks.sh\"\n";
			showEnvVarsInLog = 0;
		};
		F08840D5904E0AC7BDC43961 /* [CP] Check Pods Manifest.lock */ = {
			isa = PBXShellScriptBuildPhase;
			buildActionMask = 2147483647;
			files = (
			);
			inputPaths = (
				"${PODS_PODFILE_DIR_PATH}/Podfile.lock",
				"${PODS_ROOT}/Manifest.lock",
			);
			name = "[CP] Check Pods Manifest.lock";
			outputPaths = (
				"$(DERIVED_FILE_DIR)/Pods-WIPReact-checkManifestLockResult.txt",
			);
			runOnlyForDeploymentPostprocessing = 0;
			shellPath = /bin/sh;
			shellScript = "diff \"${PODS_PODFILE_DIR_PATH}/Podfile.lock\" \"${PODS_ROOT}/Manifest.lock\" > /dev/null\nif [ $? != 0 ] ; then\n    # print error to STDERR\n    echo \"error: The sandbox is not in sync with the Podfile.lock. Run 'pod install' or update your CocoaPods installation.\" >&2\n    exit 1\nfi\n# This output is used by Xcode 'outputs' to avoid re-running this script phase.\necho \"SUCCESS\" > \"${SCRIPT_OUTPUT_FILE_0}\"\n";
			showEnvVarsInLog = 0;
		};
/* End PBXShellScriptBuildPhase section */

/* Begin PBXSourcesBuildPhase section */
		00E356EA1AD99517003FC87E /* Sources */ = {
			isa = PBXSourcesBuildPhase;
			buildActionMask = 2147483647;
			files = (
				00E356F31AD99517003FC87E /* WIPReactTests.m in Sources */,
			);
			runOnlyForDeploymentPostprocessing = 0;
		};
		13B07F871A680F5B00A75B9A /* Sources */ = {
			isa = PBXSourcesBuildPhase;
			buildActionMask = 2147483647;
			files = (
				AC7561C61F29D6A3009FCD09 /* RNGoogleSignIn.swift in Sources */,
				AC7561C91F29D6A3009FCD09 /* RNGoogleSignInEventsBridge.m in Sources */,
				AC7561C81F29D6A3009FCD09 /* RNGoogleSignInEvents.swift in Sources */,
				9ADC2B151FB2C6C400724B94 /* AppDelegate.m in Sources */,
				9ADC2B141FB2C6C400724B94 /* main.m in Sources */,
				AC7561C71F29D6A3009FCD09 /* RNGoogleSignInBridge.m in Sources */,
			);
			runOnlyForDeploymentPostprocessing = 0;
		};
/* End PBXSourcesBuildPhase section */

/* Begin PBXTargetDependency section */
		00E356F51AD99517003FC87E /* PBXTargetDependency */ = {
			isa = PBXTargetDependency;
			target = 13B07F861A680F5B00A75B9A /* WIPReact */;
			targetProxy = 00E356F41AD99517003FC87E /* PBXContainerItemProxy */;
		};
/* End PBXTargetDependency section */

/* Begin XCBuildConfiguration section */
		00E356F61AD99517003FC87E /* Debug */ = {
			isa = XCBuildConfiguration;
			buildSettings = {
				ALWAYS_EMBED_SWIFT_STANDARD_LIBRARIES = YES;
				BUNDLE_LOADER = "$(TEST_HOST)";
				DEVELOPMENT_TEAM = J623D3MCYC;
				GCC_PREPROCESSOR_DEFINITIONS = (
					"DEBUG=1",
					"$(inherited)",
				);
				INFOPLIST_FILE = WIPReact/Info.plist;
				IPHONEOS_DEPLOYMENT_TARGET = 8.0;
				LD_RUNPATH_SEARCH_PATHS = "$(inherited) @executable_path/Frameworks @loader_path/Frameworks";
				LIBRARY_SEARCH_PATHS = (
					"$(inherited)",
					"\"$(SRCROOT)/$(TARGET_NAME)\"",
					"\"$(SRCROOT)/$(TARGET_NAME)\"",
				);
				PRODUCT_NAME = "$(TARGET_NAME)";
				SWIFT_OBJC_BRIDGING_HEADER = "WIPReact/WIPReact-Bridging-Header.h";
				TEST_HOST = "$(BUILT_PRODUCTS_DIR)/WIPReact.app/WIPReact";
			};
			name = Debug;
		};
		00E356F71AD99517003FC87E /* Release */ = {
			isa = XCBuildConfiguration;
			buildSettings = {
				ALWAYS_EMBED_SWIFT_STANDARD_LIBRARIES = YES;
				BUNDLE_LOADER = "$(TEST_HOST)";
				COPY_PHASE_STRIP = NO;
				DEVELOPMENT_TEAM = J623D3MCYC;
				INFOPLIST_FILE = WIPReact/Info.plist;
				IPHONEOS_DEPLOYMENT_TARGET = 8.0;
				LD_RUNPATH_SEARCH_PATHS = "$(inherited) @executable_path/Frameworks @loader_path/Frameworks";
				LIBRARY_SEARCH_PATHS = (
					"$(inherited)",
					"\"$(SRCROOT)/$(TARGET_NAME)\"",
					"\"$(SRCROOT)/$(TARGET_NAME)\"",
				);
				PRODUCT_NAME = "$(TARGET_NAME)";
				SWIFT_OBJC_BRIDGING_HEADER = "WIPReact/WIPReact-Bridging-Header.h";
				TEST_HOST = "$(BUILT_PRODUCTS_DIR)/WIPReact.app/WIPReact";
			};
			name = Release;
		};
		13B07F941A680F5B00A75B9A /* Debug */ = {
			isa = XCBuildConfiguration;
			baseConfigurationReference = BF71B4E5C2483E718AC4D192 /* Pods-WIPReact.debug.xcconfig */;
			buildSettings = {
				ASSETCATALOG_COMPILER_APPICON_NAME = AppIcon;
				CODE_SIGN_STYLE = Manual;
				CURRENT_PROJECT_VERSION = 1;
				DEAD_CODE_STRIPPING = NO;
				DEVELOPMENT_TEAM = "";
				FRAMEWORK_SEARCH_PATHS = (
					"$(inherited)",
					"$(PROJECT_DIR)/TwitterKitManual",
					"$(PROJECT_DIR)",
					"$(PROJECT_DIR)/FacebookSDK",
				);
				HEADER_SEARCH_PATHS = (
					"$(inherited)",
					"${PODS_ROOT}/Google/Headers",
					"$(inherited)",
					"\"${PODS_ROOT}/Headers/Public\"",
					"\"${PODS_ROOT}/Headers/Public/FirebaseAnalytics\"",
					"\"${PODS_ROOT}/Headers/Public/FirebaseCore\"",
					"\"${PODS_ROOT}/Headers/Public/FirebaseInstanceID\"",
					"\"${PODS_ROOT}/Headers/Public/GTMOAuth2\"",
					"\"${PODS_ROOT}/Headers/Public/GTMSessionFetcher\"",
					"\"${PODS_ROOT}/Headers/Public/Google\"",
					"\"${PODS_ROOT}/Headers/Public/GoogleAppUtilities\"",
					"\"${PODS_ROOT}/Headers/Public/GoogleInterchangeUtilities\"",
					"\"${PODS_ROOT}/Headers/Public/GoogleSignIn\"",
					"\"${PODS_ROOT}/Headers/Public/GoogleSymbolUtilities\"",
					"\"${PODS_ROOT}/Headers/Public/GoogleToolboxForMac\"",
					"$(SRCROOT)/../node_modules/react-native-google-sign-in/ios/RNGoogleSignIn",
					"$(SRCROOT)/../node_modules/react-native-google-signin/ios/RNGoogleSignin/**",
					"$(SRCROOT)/../node_modules/react-native-navigation/ios/**",
				);
				INFOPLIST_FILE = WIPReact/Info.plist;
				IPHONEOS_DEPLOYMENT_TARGET = 9.0;
				LD_RUNPATH_SEARCH_PATHS = "$(inherited) @executable_path/Frameworks";
				OTHER_LDFLAGS = (
					"$(inherited)",
					"-ObjC",
					"-lc++",
				);
				PRODUCT_BUNDLE_IDENTIFIER = org.reactjs.native.WipRN;
				PRODUCT_NAME = WIPReact;
				PROVISIONING_PROFILE_SPECIFIER = "";
				SWIFT_OBJC_BRIDGING_HEADER = "WIPReact/WIPReact-Bridging-Header.h";
				SWIFT_VERSION = 3.0;
				USER_HEADER_SEARCH_PATHS = "";
				VERSIONING_SYSTEM = "apple-generic";
			};
			name = Debug;
		};
		13B07F951A680F5B00A75B9A /* Release */ = {
			isa = XCBuildConfiguration;
			baseConfigurationReference = 9FDF05FCB6CE86DF4B79D6F8 /* Pods-WIPReact.release.xcconfig */;
			buildSettings = {
				ASSETCATALOG_COMPILER_APPICON_NAME = AppIcon;
				CODE_SIGN_STYLE = Manual;
				CURRENT_PROJECT_VERSION = 1;
				DEVELOPMENT_TEAM = "";
				FRAMEWORK_SEARCH_PATHS = (
					"$(inherited)",
					"$(PROJECT_DIR)/TwitterKitManual",
					"$(PROJECT_DIR)",
					"$(PROJECT_DIR)/FacebookSDK",
				);
				HEADER_SEARCH_PATHS = (
					"$(inherited)",
					"${PODS_ROOT}/Google/Headers",
					"$(inherited)",
					"\"${PODS_ROOT}/Headers/Public\"",
					"\"${PODS_ROOT}/Headers/Public/FirebaseAnalytics\"",
					"\"${PODS_ROOT}/Headers/Public/FirebaseCore\"",
					"\"${PODS_ROOT}/Headers/Public/FirebaseInstanceID\"",
					"\"${PODS_ROOT}/Headers/Public/GTMOAuth2\"",
					"\"${PODS_ROOT}/Headers/Public/GTMSessionFetcher\"",
					"\"${PODS_ROOT}/Headers/Public/Google\"",
					"\"${PODS_ROOT}/Headers/Public/GoogleAppUtilities\"",
					"\"${PODS_ROOT}/Headers/Public/GoogleInterchangeUtilities\"",
					"\"${PODS_ROOT}/Headers/Public/GoogleSignIn\"",
					"\"${PODS_ROOT}/Headers/Public/GoogleSymbolUtilities\"",
					"\"${PODS_ROOT}/Headers/Public/GoogleToolboxForMac\"",
					"$(SRCROOT)/../node_modules/react-native-google-sign-in/ios/RNGoogleSignIn",
					"$(SRCROOT)/../node_modules/react-native-google-signin/ios/RNGoogleSignin/**",
					"$(SRCROOT)/../node_modules/react-native-navigation/ios/**",
				);
				INFOPLIST_FILE = WIPReact/Info.plist;
				IPHONEOS_DEPLOYMENT_TARGET = 9.0;
				LD_RUNPATH_SEARCH_PATHS = "$(inherited) @executable_path/Frameworks";
				OTHER_LDFLAGS = (
					"$(inherited)",
					"-ObjC",
					"-lc++",
				);
				PRODUCT_BUNDLE_IDENTIFIER = org.reactjs.native.WipRN;
				PRODUCT_NAME = WIPReact;
				PROVISIONING_PROFILE_SPECIFIER = "";
				SWIFT_OBJC_BRIDGING_HEADER = "WIPReact/WIPReact-Bridging-Header.h";
				SWIFT_VERSION = 3.0;
				USER_HEADER_SEARCH_PATHS = "";
				VERSIONING_SYSTEM = "apple-generic";
			};
			name = Release;
		};
		83CBBA201A601CBA00E9B192 /* Debug */ = {
			isa = XCBuildConfiguration;
			buildSettings = {
				ALWAYS_EMBED_SWIFT_STANDARD_LIBRARIES = NO;
				ALWAYS_SEARCH_USER_PATHS = NO;
				CLANG_CXX_LANGUAGE_STANDARD = "gnu++0x";
				CLANG_CXX_LIBRARY = "libc++";
				CLANG_ENABLE_MODULES = YES;
				CLANG_ENABLE_OBJC_ARC = YES;
				CLANG_WARN_BOOL_CONVERSION = YES;
				CLANG_WARN_CONSTANT_CONVERSION = YES;
				CLANG_WARN_DIRECT_OBJC_ISA_USAGE = YES_ERROR;
				CLANG_WARN_EMPTY_BODY = YES;
				CLANG_WARN_ENUM_CONVERSION = YES;
				CLANG_WARN_INT_CONVERSION = YES;
				CLANG_WARN_OBJC_ROOT_CLASS = YES_ERROR;
				CLANG_WARN_UNREACHABLE_CODE = YES;
				CLANG_WARN__DUPLICATE_METHOD_MATCH = YES;
				"CODE_SIGN_IDENTITY[sdk=iphoneos*]" = "iPhone Developer";
				COPY_PHASE_STRIP = NO;
				ENABLE_STRICT_OBJC_MSGSEND = YES;
				GCC_C_LANGUAGE_STANDARD = gnu99;
				GCC_DYNAMIC_NO_PIC = NO;
				GCC_OPTIMIZATION_LEVEL = 0;
				GCC_PREPROCESSOR_DEFINITIONS = (
					"DEBUG=1",
					"$(inherited)",
				);
				GCC_SYMBOLS_PRIVATE_EXTERN = NO;
				GCC_WARN_64_TO_32_BIT_CONVERSION = YES;
				GCC_WARN_ABOUT_RETURN_TYPE = YES_ERROR;
				GCC_WARN_UNDECLARED_SELECTOR = YES;
				GCC_WARN_UNINITIALIZED_AUTOS = YES_AGGRESSIVE;
				GCC_WARN_UNUSED_FUNCTION = YES;
				GCC_WARN_UNUSED_VARIABLE = YES;
				IPHONEOS_DEPLOYMENT_TARGET = 8.0;
				MTL_ENABLE_DEBUG_INFO = YES;
				ONLY_ACTIVE_ARCH = YES;
				SDKROOT = iphoneos;
				SWIFT_OBJC_BRIDGING_HEADER = "";
				SWIFT_VERSION = 3.0;
			};
			name = Debug;
		};
		83CBBA211A601CBA00E9B192 /* Release */ = {
			isa = XCBuildConfiguration;
			buildSettings = {
				ALWAYS_EMBED_SWIFT_STANDARD_LIBRARIES = NO;
				ALWAYS_SEARCH_USER_PATHS = NO;
				CLANG_CXX_LANGUAGE_STANDARD = "gnu++0x";
				CLANG_CXX_LIBRARY = "libc++";
				CLANG_ENABLE_MODULES = YES;
				CLANG_ENABLE_OBJC_ARC = YES;
				CLANG_WARN_BOOL_CONVERSION = YES;
				CLANG_WARN_CONSTANT_CONVERSION = YES;
				CLANG_WARN_DIRECT_OBJC_ISA_USAGE = YES_ERROR;
				CLANG_WARN_EMPTY_BODY = YES;
				CLANG_WARN_ENUM_CONVERSION = YES;
				CLANG_WARN_INT_CONVERSION = YES;
				CLANG_WARN_OBJC_ROOT_CLASS = YES_ERROR;
				CLANG_WARN_UNREACHABLE_CODE = YES;
				CLANG_WARN__DUPLICATE_METHOD_MATCH = YES;
				"CODE_SIGN_IDENTITY[sdk=iphoneos*]" = "iPhone Developer";
				COPY_PHASE_STRIP = YES;
				ENABLE_NS_ASSERTIONS = NO;
				ENABLE_STRICT_OBJC_MSGSEND = YES;
				GCC_C_LANGUAGE_STANDARD = gnu99;
				GCC_WARN_64_TO_32_BIT_CONVERSION = YES;
				GCC_WARN_ABOUT_RETURN_TYPE = YES_ERROR;
				GCC_WARN_UNDECLARED_SELECTOR = YES;
				GCC_WARN_UNINITIALIZED_AUTOS = YES_AGGRESSIVE;
				GCC_WARN_UNUSED_FUNCTION = YES;
				GCC_WARN_UNUSED_VARIABLE = YES;
				IPHONEOS_DEPLOYMENT_TARGET = 8.0;
				MTL_ENABLE_DEBUG_INFO = NO;
				SDKROOT = iphoneos;
				SWIFT_OBJC_BRIDGING_HEADER = "";
				SWIFT_VERSION = 3.0;
				VALIDATE_PRODUCT = YES;
			};
			name = Release;
		};
/* End XCBuildConfiguration section */

/* Begin XCConfigurationList section */
		00E357021AD99517003FC87E /* Build configuration list for PBXNativeTarget "WIPReactTests" */ = {
			isa = XCConfigurationList;
			buildConfigurations = (
				00E356F61AD99517003FC87E /* Debug */,
				00E356F71AD99517003FC87E /* Release */,
			);
			defaultConfigurationIsVisible = 0;
			defaultConfigurationName = Release;
		};
		13B07F931A680F5B00A75B9A /* Build configuration list for PBXNativeTarget "WIPReact" */ = {
			isa = XCConfigurationList;
			buildConfigurations = (
				13B07F941A680F5B00A75B9A /* Debug */,
				13B07F951A680F5B00A75B9A /* Release */,
			);
			defaultConfigurationIsVisible = 0;
			defaultConfigurationName = Release;
		};
		83CBB9FA1A601CBA00E9B192 /* Build configuration list for PBXProject "WIPReact" */ = {
			isa = XCConfigurationList;
			buildConfigurations = (
				83CBBA201A601CBA00E9B192 /* Debug */,
				83CBBA211A601CBA00E9B192 /* Release */,
			);
			defaultConfigurationIsVisible = 0;
			defaultConfigurationName = Release;
		};
/* End XCConfigurationList section */
	};
	rootObject = 83CBB9F71A601CBA00E9B192 /* Project object */;
}
